// !$*UTF8*$!
{
	archiveVersion = 1;
	classes = {
	};
	objectVersion = 55;
	objects = {

/* Begin PBXBuildFile section */
		C308883827AC7D2C00F62137 /* KakaoOAuthService.swift in Sources */ = {isa = PBXBuildFile; fileRef = C308883727AC7D2C00F62137 /* KakaoOAuthService.swift */; };
		C367D65927AC0F97004835DC /* Fonts+Generated.swift in Sources */ = {isa = PBXBuildFile; fileRef = C367D65627AC0F97004835DC /* Fonts+Generated.swift */; };
		C367D65A27AC0F97004835DC /* Assets+Generated.swift in Sources */ = {isa = PBXBuildFile; fileRef = C367D65727AC0F97004835DC /* Assets+Generated.swift */; };
		C367D65B27AC0F97004835DC /* Localizable+Generated.swift in Sources */ = {isa = PBXBuildFile; fileRef = C367D65827AC0F97004835DC /* Localizable+Generated.swift */; };
		C367D65D27AC0FB9004835DC /* NeedleGenerated.swift in Sources */ = {isa = PBXBuildFile; fileRef = C367D65C27AC0FB9004835DC /* NeedleGenerated.swift */; };
		C374D40027AC516500CE88D3 /* 0_BasicCoordinator.swift in Sources */ = {isa = PBXBuildFile; fileRef = C374D3FF27AC516500CE88D3 /* 0_BasicCoordinator.swift */; };
		C374D40227AC543500CE88D3 /* 1_AppCoordinator.swift in Sources */ = {isa = PBXBuildFile; fileRef = C374D40127AC543500CE88D3 /* 1_AppCoordinator.swift */; };
		C374D40427AC54EF00CE88D3 /* 0_AppComponent.swift in Sources */ = {isa = PBXBuildFile; fileRef = C374D40327AC54EF00CE88D3 /* 0_AppComponent.swift */; };
		C374D40927AC5FE600CE88D3 /* LoggedOutViewController.swift in Sources */ = {isa = PBXBuildFile; fileRef = C374D40827AC5FE500CE88D3 /* LoggedOutViewController.swift */; };
		C374D40B27AC5FF500CE88D3 /* LoggedOutViewModel.swift in Sources */ = {isa = PBXBuildFile; fileRef = C374D40A27AC5FF500CE88D3 /* LoggedOutViewModel.swift */; };
		C374D41327AC6F7000CE88D3 /* UIStackView+Make.swift in Sources */ = {isa = PBXBuildFile; fileRef = C374D41227AC6F7000CE88D3 /* UIStackView+Make.swift */; };
		C393DAD727A584BB00283AC6 /* AppDelegate.swift in Sources */ = {isa = PBXBuildFile; fileRef = C393DAD627A584BB00283AC6 /* AppDelegate.swift */; };
		C393DAE327A584BC00283AC6 /* LaunchScreen.storyboard in Resources */ = {isa = PBXBuildFile; fileRef = C393DAE127A584BC00283AC6 /* LaunchScreen.storyboard */; };
		C393DAED27A5923E00283AC6 /* Images.xcassets in Resources */ = {isa = PBXBuildFile; fileRef = C393DAEC27A5923E00283AC6 /* Images.xcassets */; };
		C393DAEF27A5924C00283AC6 /* Colors.xcassets in Resources */ = {isa = PBXBuildFile; fileRef = C393DAEE27A5924C00283AC6 /* Colors.xcassets */; };
		C393DAF427A596BC00283AC6 /* Assets.xcassets in Resources */ = {isa = PBXBuildFile; fileRef = C393DAF327A596BC00283AC6 /* Assets.xcassets */; };
		C393DAFB27A6B93A00283AC6 /* Localizable.strings in Resources */ = {isa = PBXBuildFile; fileRef = C393DAFD27A6B93A00283AC6 /* Localizable.strings */; };
		C3E9078D27AC78D300B548A8 /* BaseViewController.swift in Sources */ = {isa = PBXBuildFile; fileRef = C3E9078C27AC78D300B548A8 /* BaseViewController.swift */; };
		C3E9079027AC7A3900B548A8 /* APIKeys.swift in Sources */ = {isa = PBXBuildFile; fileRef = C3E9078F27AC7A3900B548A8 /* APIKeys.swift */; };
		CCF25954AD874F64414CC203 /* Pods_RunnerBe_iOS.framework in Frameworks */ = {isa = PBXBuildFile; fileRef = D2383CCB0028A0952F7BBDB1 /* Pods_RunnerBe_iOS.framework */; };
/* End PBXBuildFile section */

/* Begin PBXFileReference section */
		3057C9D7EC1E1972706E8D01 /* Pods-RunnerBe-iOS.debug.xcconfig */ = {isa = PBXFileReference; includeInIndex = 1; lastKnownFileType = text.xcconfig; name = "Pods-RunnerBe-iOS.debug.xcconfig"; path = "Target Support Files/Pods-RunnerBe-iOS/Pods-RunnerBe-iOS.debug.xcconfig"; sourceTree = "<group>"; };
		72F90BAE3D262DB808C488AB /* Pods-RunnerBe-iOS.release.xcconfig */ = {isa = PBXFileReference; includeInIndex = 1; lastKnownFileType = text.xcconfig; name = "Pods-RunnerBe-iOS.release.xcconfig"; path = "Target Support Files/Pods-RunnerBe-iOS/Pods-RunnerBe-iOS.release.xcconfig"; sourceTree = "<group>"; };
		C308883727AC7D2C00F62137 /* KakaoOAuthService.swift */ = {isa = PBXFileReference; lastKnownFileType = sourcecode.swift; path = KakaoOAuthService.swift; sourceTree = "<group>"; };
		C367D65627AC0F97004835DC /* Fonts+Generated.swift */ = {isa = PBXFileReference; fileEncoding = 4; lastKnownFileType = sourcecode.swift; path = "Fonts+Generated.swift"; sourceTree = "<group>"; };
		C367D65727AC0F97004835DC /* Assets+Generated.swift */ = {isa = PBXFileReference; fileEncoding = 4; lastKnownFileType = sourcecode.swift; path = "Assets+Generated.swift"; sourceTree = "<group>"; };
		C367D65827AC0F97004835DC /* Localizable+Generated.swift */ = {isa = PBXFileReference; fileEncoding = 4; lastKnownFileType = sourcecode.swift; path = "Localizable+Generated.swift"; sourceTree = "<group>"; };
		C367D65C27AC0FB9004835DC /* NeedleGenerated.swift */ = {isa = PBXFileReference; fileEncoding = 4; lastKnownFileType = sourcecode.swift; path = NeedleGenerated.swift; sourceTree = "<group>"; };
		C374D3FF27AC516500CE88D3 /* 0_BasicCoordinator.swift */ = {isa = PBXFileReference; lastKnownFileType = sourcecode.swift; path = 0_BasicCoordinator.swift; sourceTree = "<group>"; };
		C374D40127AC543500CE88D3 /* 1_AppCoordinator.swift */ = {isa = PBXFileReference; lastKnownFileType = sourcecode.swift; path = 1_AppCoordinator.swift; sourceTree = "<group>"; };
		C374D40327AC54EF00CE88D3 /* 0_AppComponent.swift */ = {isa = PBXFileReference; lastKnownFileType = sourcecode.swift; path = 0_AppComponent.swift; sourceTree = "<group>"; };
		C374D40827AC5FE500CE88D3 /* LoggedOutViewController.swift */ = {isa = PBXFileReference; lastKnownFileType = sourcecode.swift; path = LoggedOutViewController.swift; sourceTree = "<group>"; };
		C374D40A27AC5FF500CE88D3 /* LoggedOutViewModel.swift */ = {isa = PBXFileReference; lastKnownFileType = sourcecode.swift; path = LoggedOutViewModel.swift; sourceTree = "<group>"; };
		C374D40C27AC631100CE88D3 /* Info.plist */ = {isa = PBXFileReference; fileEncoding = 4; lastKnownFileType = text.plist; name = Info.plist; path = "../../../../../../../../Projects/RunnerBe-iOS/RunnerBe-iOS/RunnerBe-iOS/Info.plist"; sourceTree = BUILT_PRODUCTS_DIR; };
		C374D41227AC6F7000CE88D3 /* UIStackView+Make.swift */ = {isa = PBXFileReference; lastKnownFileType = sourcecode.swift; path = "UIStackView+Make.swift"; sourceTree = "<group>"; };
		C393DAD327A584BB00283AC6 /* RunnerBe-iOS.app */ = {isa = PBXFileReference; explicitFileType = wrapper.application; includeInIndex = 0; path = "RunnerBe-iOS.app"; sourceTree = BUILT_PRODUCTS_DIR; };
		C393DAD627A584BB00283AC6 /* AppDelegate.swift */ = {isa = PBXFileReference; lastKnownFileType = sourcecode.swift; path = AppDelegate.swift; sourceTree = "<group>"; };
		C393DAE227A584BC00283AC6 /* Base */ = {isa = PBXFileReference; lastKnownFileType = file.storyboard; name = Base; path = Base.lproj/LaunchScreen.storyboard; sourceTree = "<group>"; };
		C393DAEC27A5923E00283AC6 /* Images.xcassets */ = {isa = PBXFileReference; lastKnownFileType = folder.assetcatalog; path = Images.xcassets; sourceTree = "<group>"; };
		C393DAEE27A5924C00283AC6 /* Colors.xcassets */ = {isa = PBXFileReference; lastKnownFileType = folder.assetcatalog; path = Colors.xcassets; sourceTree = "<group>"; };
		C393DAF327A596BC00283AC6 /* Assets.xcassets */ = {isa = PBXFileReference; lastKnownFileType = folder.assetcatalog; path = Assets.xcassets; sourceTree = "<group>"; };
		C393DAFC27A6B93A00283AC6 /* en */ = {isa = PBXFileReference; lastKnownFileType = text.plist.strings; name = en; path = en.lproj/Localizable.strings; sourceTree = "<group>"; };
		C393DAFE27A6B98B00283AC6 /* ko */ = {isa = PBXFileReference; lastKnownFileType = text.plist.strings; name = ko; path = ko.lproj/LaunchScreen.strings; sourceTree = "<group>"; };
		C393DAFF27A6B98B00283AC6 /* ko */ = {isa = PBXFileReference; lastKnownFileType = text.plist.strings; name = ko; path = ko.lproj/Localizable.strings; sourceTree = "<group>"; };
		C3E9078C27AC78D300B548A8 /* BaseViewController.swift */ = {isa = PBXFileReference; lastKnownFileType = sourcecode.swift; path = BaseViewController.swift; sourceTree = "<group>"; };
		C3E9078F27AC7A3900B548A8 /* APIKeys.swift */ = {isa = PBXFileReference; lastKnownFileType = sourcecode.swift; path = APIKeys.swift; sourceTree = "<group>"; };
		D2383CCB0028A0952F7BBDB1 /* Pods_RunnerBe_iOS.framework */ = {isa = PBXFileReference; explicitFileType = wrapper.framework; includeInIndex = 0; path = Pods_RunnerBe_iOS.framework; sourceTree = BUILT_PRODUCTS_DIR; };
/* End PBXFileReference section */

/* Begin PBXFrameworksBuildPhase section */
		C393DAD027A584BB00283AC6 /* Frameworks */ = {
			isa = PBXFrameworksBuildPhase;
			buildActionMask = 2147483647;
			files = (
				CCF25954AD874F64414CC203 /* Pods_RunnerBe_iOS.framework in Frameworks */,
			);
			runOnlyForDeploymentPostprocessing = 0;
		};
/* End PBXFrameworksBuildPhase section */

/* Begin PBXGroup section */
		2DAE90A353445618E884984A /* Pods */ = {
			isa = PBXGroup;
			children = (
				3057C9D7EC1E1972706E8D01 /* Pods-RunnerBe-iOS.debug.xcconfig */,
				72F90BAE3D262DB808C488AB /* Pods-RunnerBe-iOS.release.xcconfig */,
			);
			path = Pods;
			sourceTree = "<group>";
		};
		B298B4951802757104C35A66 /* Frameworks */ = {
			isa = PBXGroup;
			children = (
				D2383CCB0028A0952F7BBDB1 /* Pods_RunnerBe_iOS.framework */,
			);
			name = Frameworks;
			sourceTree = "<group>";
		};
		C308883927AC807000F62137 /* APIKey */ = {
			isa = PBXGroup;
			children = (
				C3E9078F27AC7A3900B548A8 /* APIKeys.swift */,
			);
			path = APIKey;
			sourceTree = "<group>";
		};
		C374D3F427AC4F2E00CE88D3 /* 3_DependencyComponent */ = {
			isa = PBXGroup;
			children = (
				C374D40327AC54EF00CE88D3 /* 0_AppComponent.swift */,
			);
			path = 3_DependencyComponent;
			sourceTree = "<group>";
		};
		C374D3FB27AC509200CE88D3 /* 0_Service */ = {
			isa = PBXGroup;
			children = (
				C3E9078E27AC79BA00B548A8 /* OAuthService */,
			);
			path = 0_Service;
			sourceTree = "<group>";
		};
		C374D3FC27AC50A000CE88D3 /* 1_Provider */ = {
			isa = PBXGroup;
			children = (
			);
			path = 1_Provider;
			sourceTree = "<group>";
		};
		C374D3FD27AC50A800CE88D3 /* 2_Coordinator */ = {
			isa = PBXGroup;
			children = (
				C374D3FF27AC516500CE88D3 /* 0_BasicCoordinator.swift */,
				C374D40127AC543500CE88D3 /* 1_AppCoordinator.swift */,
			);
			path = 2_Coordinator;
			sourceTree = "<group>";
		};
		C374D3FE27AC50B600CE88D3 /* 4_Scene */ = {
			isa = PBXGroup;
			children = (
				C374D40527AC575B00CE88D3 /* 0_LoggedOut */,
				C374D40627AC576C00CE88D3 /* 1_MainTabbar */,
				C3E9078C27AC78D300B548A8 /* BaseViewController.swift */,
			);
			path = 4_Scene;
			sourceTree = "<group>";
		};
		C374D40527AC575B00CE88D3 /* 0_LoggedOut */ = {
			isa = PBXGroup;
			children = (
				C374D40727AC5FD200CE88D3 /* View */,
				C374D40827AC5FE500CE88D3 /* LoggedOutViewController.swift */,
				C374D40A27AC5FF500CE88D3 /* LoggedOutViewModel.swift */,
			);
			path = 0_LoggedOut;
			sourceTree = "<group>";
		};
		C374D40627AC576C00CE88D3 /* 1_MainTabbar */ = {
			isa = PBXGroup;
			children = (
			);
			path = 1_MainTabbar;
			sourceTree = "<group>";
		};
		C374D40727AC5FD200CE88D3 /* View */ = {
			isa = PBXGroup;
			children = (
			);
			path = View;
			sourceTree = "<group>";
		};
		C374D41027AC6F3200CE88D3 /* 5_Extensions */ = {
			isa = PBXGroup;
			children = (
				C374D41127AC6F4E00CE88D3 /* +View */,
			);
			path = 5_Extensions;
			sourceTree = "<group>";
		};
		C374D41127AC6F4E00CE88D3 /* +View */ = {
			isa = PBXGroup;
			children = (
				C374D41227AC6F7000CE88D3 /* UIStackView+Make.swift */,
			);
			path = "+View";
			sourceTree = "<group>";
		};
		C393DACA27A584BA00283AC6 = {
			isa = PBXGroup;
			children = (
				C393DAD527A584BB00283AC6 /* RunnerBe-iOS */,
				C393DAD427A584BB00283AC6 /* Products */,
				2DAE90A353445618E884984A /* Pods */,
				B298B4951802757104C35A66 /* Frameworks */,
			);
			sourceTree = "<group>";
		};
		C393DAD427A584BB00283AC6 /* Products */ = {
			isa = PBXGroup;
			children = (
				C393DAD327A584BB00283AC6 /* RunnerBe-iOS.app */,
			);
			name = Products;
			sourceTree = "<group>";
		};
		C393DAD527A584BB00283AC6 /* RunnerBe-iOS */ = {
			isa = PBXGroup;
			children = (
				C374D40C27AC631100CE88D3 /* Info.plist */,
				C393DAE127A584BC00283AC6 /* LaunchScreen.storyboard */,
				C393DAF627A59CF100283AC6 /* Sources */,
				C393DAEB27A5921700283AC6 /* Resources */,
			);
			path = "RunnerBe-iOS";
			sourceTree = "<group>";
		};
		C393DAEB27A5921700283AC6 /* Resources */ = {
			isa = PBXGroup;
			children = (
				C308883927AC807000F62137 /* APIKey */,
				C367D65727AC0F97004835DC /* Assets+Generated.swift */,
				C367D65627AC0F97004835DC /* Fonts+Generated.swift */,
				C367D65827AC0F97004835DC /* Localizable+Generated.swift */,
				C393DAF827A6B82700283AC6 /* Localization */,
				C393DAF227A5960600283AC6 /* Fonts */,
				C393DAEC27A5923E00283AC6 /* Images.xcassets */,
				C393DAEE27A5924C00283AC6 /* Colors.xcassets */,
				C393DAF327A596BC00283AC6 /* Assets.xcassets */,
			);
			path = Resources;
			sourceTree = "<group>";
		};
		C393DAF227A5960600283AC6 /* Fonts */ = {
			isa = PBXGroup;
			children = (
			);
			path = Fonts;
			sourceTree = "<group>";
		};
		C393DAF627A59CF100283AC6 /* Sources */ = {
			isa = PBXGroup;
			children = (
				C374D3FB27AC509200CE88D3 /* 0_Service */,
				C374D3FC27AC50A000CE88D3 /* 1_Provider */,
				C374D3FD27AC50A800CE88D3 /* 2_Coordinator */,
				C374D3F427AC4F2E00CE88D3 /* 3_DependencyComponent */,
				C374D3FE27AC50B600CE88D3 /* 4_Scene */,
				C374D41027AC6F3200CE88D3 /* 5_Extensions */,
				C393DAD627A584BB00283AC6 /* AppDelegate.swift */,
				C367D65C27AC0FB9004835DC /* NeedleGenerated.swift */,
			);
			path = Sources;
			sourceTree = "<group>";
		};
		C393DAF827A6B82700283AC6 /* Localization */ = {
			isa = PBXGroup;
			children = (
				C393DAFD27A6B93A00283AC6 /* Localizable.strings */,
			);
			path = Localization;
			sourceTree = "<group>";
		};
		C3E9078E27AC79BA00B548A8 /* OAuthService */ = {
			isa = PBXGroup;
			children = (
				C308883727AC7D2C00F62137 /* KakaoOAuthService.swift */,
			);
			path = OAuthService;
			sourceTree = "<group>";
		};
/* End PBXGroup section */

/* Begin PBXNativeTarget section */
		C393DAD227A584BB00283AC6 /* RunnerBe-iOS */ = {
			isa = PBXNativeTarget;
			buildConfigurationList = C393DAE727A584BC00283AC6 /* Build configuration list for PBXNativeTarget "RunnerBe-iOS" */;
			buildPhases = (
				1C2FB54B75C18BA8DCBA4BD4 /* [CP] Check Pods Manifest.lock */,
				C393DAF527A599A000283AC6 /* SwiftFormat */,
				C367D65527AC0AB8004835DC /* Needle Generate */,
				C393DAEA27A5882400283AC6 /* SwiftGen Run Script */,
				C393DACF27A584BB00283AC6 /* Sources */,
				C393DAD027A584BB00283AC6 /* Frameworks */,
				C393DAD127A584BB00283AC6 /* Resources */,
				5175A391148DE1FF1EF1306D /* [CP] Embed Pods Frameworks */,
			);
			buildRules = (
			);
			dependencies = (
			);
			name = "RunnerBe-iOS";
			productName = "RunnerBe-iOS";
			productReference = C393DAD327A584BB00283AC6 /* RunnerBe-iOS.app */;
			productType = "com.apple.product-type.application";
		};
/* End PBXNativeTarget section */

/* Begin PBXProject section */
		C393DACB27A584BA00283AC6 /* Project object */ = {
			isa = PBXProject;
			attributes = {
				BuildIndependentTargetsInParallel = 1;
				LastSwiftUpdateCheck = 1320;
				LastUpgradeCheck = 1320;
				TargetAttributes = {
					C393DAD227A584BB00283AC6 = {
						CreatedOnToolsVersion = 13.2.1;
					};
				};
			};
			buildConfigurationList = C393DACE27A584BA00283AC6 /* Build configuration list for PBXProject "RunnerBe-iOS" */;
			compatibilityVersion = "Xcode 13.0";
			developmentRegion = en;
			hasScannedForEncodings = 0;
			knownRegions = (
				en,
				Base,
				ko,
			);
			mainGroup = C393DACA27A584BA00283AC6;
			productRefGroup = C393DAD427A584BB00283AC6 /* Products */;
			projectDirPath = "";
			projectRoot = "";
			targets = (
				C393DAD227A584BB00283AC6 /* RunnerBe-iOS */,
			);
		};
/* End PBXProject section */

/* Begin PBXResourcesBuildPhase section */
		C393DAD127A584BB00283AC6 /* Resources */ = {
			isa = PBXResourcesBuildPhase;
			buildActionMask = 2147483647;
			files = (
				C393DAEF27A5924C00283AC6 /* Colors.xcassets in Resources */,
				C393DAFB27A6B93A00283AC6 /* Localizable.strings in Resources */,
				C393DAE327A584BC00283AC6 /* LaunchScreen.storyboard in Resources */,
				C393DAED27A5923E00283AC6 /* Images.xcassets in Resources */,
				C393DAF427A596BC00283AC6 /* Assets.xcassets in Resources */,
			);
			runOnlyForDeploymentPostprocessing = 0;
		};
/* End PBXResourcesBuildPhase section */

/* Begin PBXShellScriptBuildPhase section */
		1C2FB54B75C18BA8DCBA4BD4 /* [CP] Check Pods Manifest.lock */ = {
			isa = PBXShellScriptBuildPhase;
			buildActionMask = 2147483647;
			files = (
			);
			inputFileListPaths = (
			);
			inputPaths = (
				"${PODS_PODFILE_DIR_PATH}/Podfile.lock",
				"${PODS_ROOT}/Manifest.lock",
			);
			name = "[CP] Check Pods Manifest.lock";
			outputFileListPaths = (
			);
			outputPaths = (
				"$(DERIVED_FILE_DIR)/Pods-RunnerBe-iOS-checkManifestLockResult.txt",
			);
			runOnlyForDeploymentPostprocessing = 0;
			shellPath = /bin/sh;
			shellScript = "diff \"${PODS_PODFILE_DIR_PATH}/Podfile.lock\" \"${PODS_ROOT}/Manifest.lock\" > /dev/null\nif [ $? != 0 ] ; then\n    # print error to STDERR\n    echo \"error: The sandbox is not in sync with the Podfile.lock. Run 'pod install' or update your CocoaPods installation.\" >&2\n    exit 1\nfi\n# This output is used by Xcode 'outputs' to avoid re-running this script phase.\necho \"SUCCESS\" > \"${SCRIPT_OUTPUT_FILE_0}\"\n";
			showEnvVarsInLog = 0;
		};
		5175A391148DE1FF1EF1306D /* [CP] Embed Pods Frameworks */ = {
			isa = PBXShellScriptBuildPhase;
			buildActionMask = 2147483647;
			files = (
			);
			inputFileListPaths = (
				"${PODS_ROOT}/Target Support Files/Pods-RunnerBe-iOS/Pods-RunnerBe-iOS-frameworks-${CONFIGURATION}-input-files.xcfilelist",
			);
			name = "[CP] Embed Pods Frameworks";
			outputFileListPaths = (
				"${PODS_ROOT}/Target Support Files/Pods-RunnerBe-iOS/Pods-RunnerBe-iOS-frameworks-${CONFIGURATION}-output-files.xcfilelist",
			);
			runOnlyForDeploymentPostprocessing = 0;
			shellPath = /bin/sh;
			shellScript = "\"${PODS_ROOT}/Target Support Files/Pods-RunnerBe-iOS/Pods-RunnerBe-iOS-frameworks.sh\"\n";
			showEnvVarsInLog = 0;
		};
		C367D65527AC0AB8004835DC /* Needle Generate */ = {
			isa = PBXShellScriptBuildPhase;
			buildActionMask = 2147483647;
			files = (
			);
			inputFileListPaths = (
			);
			inputPaths = (
			);
			name = "Needle Generate";
			outputFileListPaths = (
			);
			outputPaths = (
			);
			runOnlyForDeploymentPostprocessing = 0;
			shellPath = /bin/sh;
			shellScript = "export SOURCEKIT_LOGGING=0 && needle generate RunnerBe-iOS/Sources/NeedleGenerated.swift RunnerBe-iOS/Sources/ --header-doc copyright_header.txt\n";
		};
		C393DAEA27A5882400283AC6 /* SwiftGen Run Script */ = {
			isa = PBXShellScriptBuildPhase;
			buildActionMask = 2147483647;
			files = (
			);
			inputFileListPaths = (
			);
			inputPaths = (
			);
			name = "SwiftGen Run Script";
			outputFileListPaths = (
			);
			outputPaths = (
			);
			runOnlyForDeploymentPostprocessing = 0;
			shellPath = /bin/sh;
			shellScript = "if [[ -f \"${PODS_ROOT}/SwiftGen/bin/swiftgen\" ]]; then\n  \"${PODS_ROOT}/SwiftGen/bin/swiftgen\"\nelse\n  echo \"warning: SwiftGen is not installed. Run 'pod install --repo-update' to install it.\"\nfi\n";
		};
		C393DAF527A599A000283AC6 /* SwiftFormat */ = {
			isa = PBXShellScriptBuildPhase;
			buildActionMask = 2147483647;
			files = (
			);
			inputFileListPaths = (
			);
			inputPaths = (
			);
			name = SwiftFormat;
			outputFileListPaths = (
			);
			outputPaths = (
			);
			runOnlyForDeploymentPostprocessing = 0;
			shellPath = /bin/sh;
			shellScript = "\"${PODS_ROOT}/SwiftFormat/CommandLineTool/swiftformat\" \"$SRCROOT\"\n";
		};
/* End PBXShellScriptBuildPhase section */

/* Begin PBXSourcesBuildPhase section */
		C393DACF27A584BB00283AC6 /* Sources */ = {
			isa = PBXSourcesBuildPhase;
			buildActionMask = 2147483647;
			files = (
				C367D65927AC0F97004835DC /* Fonts+Generated.swift in Sources */,
				C367D65B27AC0F97004835DC /* Localizable+Generated.swift in Sources */,
				C393DAD727A584BB00283AC6 /* AppDelegate.swift in Sources */,
				C374D41327AC6F7000CE88D3 /* UIStackView+Make.swift in Sources */,
				C3E9079027AC7A3900B548A8 /* APIKeys.swift in Sources */,
				C367D65D27AC0FB9004835DC /* NeedleGenerated.swift in Sources */,
				C3E9078D27AC78D300B548A8 /* BaseViewController.swift in Sources */,
				C374D40027AC516500CE88D3 /* 0_BasicCoordinator.swift in Sources */,
				C374D40227AC543500CE88D3 /* 1_AppCoordinator.swift in Sources */,
				C308883827AC7D2C00F62137 /* KakaoOAuthService.swift in Sources */,
				C374D40427AC54EF00CE88D3 /* 0_AppComponent.swift in Sources */,
				C374D40927AC5FE600CE88D3 /* LoggedOutViewController.swift in Sources */,
				C367D65A27AC0F97004835DC /* Assets+Generated.swift in Sources */,
				C374D40B27AC5FF500CE88D3 /* LoggedOutViewModel.swift in Sources */,
			);
			runOnlyForDeploymentPostprocessing = 0;
		};
/* End PBXSourcesBuildPhase section */

/* Begin PBXVariantGroup section */
		C393DAE127A584BC00283AC6 /* LaunchScreen.storyboard */ = {
			isa = PBXVariantGroup;
			children = (
				C393DAE227A584BC00283AC6 /* Base */,
				C393DAFE27A6B98B00283AC6 /* ko */,
			);
			name = LaunchScreen.storyboard;
			sourceTree = "<group>";
		};
		C393DAFD27A6B93A00283AC6 /* Localizable.strings */ = {
			isa = PBXVariantGroup;
			children = (
				C393DAFC27A6B93A00283AC6 /* en */,
				C393DAFF27A6B98B00283AC6 /* ko */,
			);
			name = Localizable.strings;
			sourceTree = "<group>";
		};
/* End PBXVariantGroup section */

/* Begin XCBuildConfiguration section */
		C393DAE527A584BC00283AC6 /* Debug */ = {
			isa = XCBuildConfiguration;
			buildSettings = {
				ALWAYS_SEARCH_USER_PATHS = NO;
				CLANG_ANALYZER_LOCALIZABILITY_NONLOCALIZED = YES;
				CLANG_ANALYZER_NONNULL = YES;
				CLANG_ANALYZER_NUMBER_OBJECT_CONVERSION = YES_AGGRESSIVE;
				CLANG_CXX_LANGUAGE_STANDARD = "gnu++17";
				CLANG_CXX_LIBRARY = "libc++";
				CLANG_ENABLE_MODULES = YES;
				CLANG_ENABLE_OBJC_ARC = YES;
				CLANG_ENABLE_OBJC_WEAK = YES;
				CLANG_WARN_BLOCK_CAPTURE_AUTORELEASING = YES;
				CLANG_WARN_BOOL_CONVERSION = YES;
				CLANG_WARN_COMMA = YES;
				CLANG_WARN_CONSTANT_CONVERSION = YES;
				CLANG_WARN_DEPRECATED_OBJC_IMPLEMENTATIONS = YES;
				CLANG_WARN_DIRECT_OBJC_ISA_USAGE = YES_ERROR;
				CLANG_WARN_DOCUMENTATION_COMMENTS = YES;
				CLANG_WARN_EMPTY_BODY = YES;
				CLANG_WARN_ENUM_CONVERSION = YES;
				CLANG_WARN_INFINITE_RECURSION = YES;
				CLANG_WARN_INT_CONVERSION = YES;
				CLANG_WARN_NON_LITERAL_NULL_CONVERSION = YES;
				CLANG_WARN_OBJC_IMPLICIT_RETAIN_SELF = YES;
				CLANG_WARN_OBJC_LITERAL_CONVERSION = YES;
				CLANG_WARN_OBJC_ROOT_CLASS = YES_ERROR;
				CLANG_WARN_QUOTED_INCLUDE_IN_FRAMEWORK_HEADER = YES;
				CLANG_WARN_RANGE_LOOP_ANALYSIS = YES;
				CLANG_WARN_STRICT_PROTOTYPES = YES;
				CLANG_WARN_SUSPICIOUS_MOVE = YES;
				CLANG_WARN_UNGUARDED_AVAILABILITY = YES_AGGRESSIVE;
				CLANG_WARN_UNREACHABLE_CODE = YES;
				CLANG_WARN__DUPLICATE_METHOD_MATCH = YES;
				COPY_PHASE_STRIP = NO;
				DEBUG_INFORMATION_FORMAT = dwarf;
				ENABLE_STRICT_OBJC_MSGSEND = YES;
				ENABLE_TESTABILITY = YES;
				GCC_C_LANGUAGE_STANDARD = gnu11;
				GCC_DYNAMIC_NO_PIC = NO;
				GCC_NO_COMMON_BLOCKS = YES;
				GCC_OPTIMIZATION_LEVEL = 0;
				GCC_PREPROCESSOR_DEFINITIONS = (
					"DEBUG=1",
					"$(inherited)",
				);
				GCC_WARN_64_TO_32_BIT_CONVERSION = YES;
				GCC_WARN_ABOUT_RETURN_TYPE = YES_ERROR;
				GCC_WARN_UNDECLARED_SELECTOR = YES;
				GCC_WARN_UNINITIALIZED_AUTOS = YES_AGGRESSIVE;
				GCC_WARN_UNUSED_FUNCTION = YES;
				GCC_WARN_UNUSED_VARIABLE = YES;
				INFOPLIST_FILE = "";
				IPHONEOS_DEPLOYMENT_TARGET = 13.0;
				MTL_ENABLE_DEBUG_INFO = INCLUDE_SOURCE;
				MTL_FAST_MATH = YES;
				ONLY_ACTIVE_ARCH = YES;
				SDKROOT = iphoneos;
				SWIFT_ACTIVE_COMPILATION_CONDITIONS = DEBUG;
				SWIFT_OPTIMIZATION_LEVEL = "-Onone";
			};
			name = Debug;
		};
		C393DAE627A584BC00283AC6 /* Release */ = {
			isa = XCBuildConfiguration;
			buildSettings = {
				ALWAYS_SEARCH_USER_PATHS = NO;
				CLANG_ANALYZER_LOCALIZABILITY_NONLOCALIZED = YES;
				CLANG_ANALYZER_NONNULL = YES;
				CLANG_ANALYZER_NUMBER_OBJECT_CONVERSION = YES_AGGRESSIVE;
				CLANG_CXX_LANGUAGE_STANDARD = "gnu++17";
				CLANG_CXX_LIBRARY = "libc++";
				CLANG_ENABLE_MODULES = YES;
				CLANG_ENABLE_OBJC_ARC = YES;
				CLANG_ENABLE_OBJC_WEAK = YES;
				CLANG_WARN_BLOCK_CAPTURE_AUTORELEASING = YES;
				CLANG_WARN_BOOL_CONVERSION = YES;
				CLANG_WARN_COMMA = YES;
				CLANG_WARN_CONSTANT_CONVERSION = YES;
				CLANG_WARN_DEPRECATED_OBJC_IMPLEMENTATIONS = YES;
				CLANG_WARN_DIRECT_OBJC_ISA_USAGE = YES_ERROR;
				CLANG_WARN_DOCUMENTATION_COMMENTS = YES;
				CLANG_WARN_EMPTY_BODY = YES;
				CLANG_WARN_ENUM_CONVERSION = YES;
				CLANG_WARN_INFINITE_RECURSION = YES;
				CLANG_WARN_INT_CONVERSION = YES;
				CLANG_WARN_NON_LITERAL_NULL_CONVERSION = YES;
				CLANG_WARN_OBJC_IMPLICIT_RETAIN_SELF = YES;
				CLANG_WARN_OBJC_LITERAL_CONVERSION = YES;
				CLANG_WARN_OBJC_ROOT_CLASS = YES_ERROR;
				CLANG_WARN_QUOTED_INCLUDE_IN_FRAMEWORK_HEADER = YES;
				CLANG_WARN_RANGE_LOOP_ANALYSIS = YES;
				CLANG_WARN_STRICT_PROTOTYPES = YES;
				CLANG_WARN_SUSPICIOUS_MOVE = YES;
				CLANG_WARN_UNGUARDED_AVAILABILITY = YES_AGGRESSIVE;
				CLANG_WARN_UNREACHABLE_CODE = YES;
				CLANG_WARN__DUPLICATE_METHOD_MATCH = YES;
				COPY_PHASE_STRIP = NO;
				DEBUG_INFORMATION_FORMAT = "dwarf-with-dsym";
				ENABLE_NS_ASSERTIONS = NO;
				ENABLE_STRICT_OBJC_MSGSEND = YES;
				GCC_C_LANGUAGE_STANDARD = gnu11;
				GCC_NO_COMMON_BLOCKS = YES;
				GCC_WARN_64_TO_32_BIT_CONVERSION = YES;
				GCC_WARN_ABOUT_RETURN_TYPE = YES_ERROR;
				GCC_WARN_UNDECLARED_SELECTOR = YES;
				GCC_WARN_UNINITIALIZED_AUTOS = YES_AGGRESSIVE;
				GCC_WARN_UNUSED_FUNCTION = YES;
				GCC_WARN_UNUSED_VARIABLE = YES;
				INFOPLIST_FILE = "";
				IPHONEOS_DEPLOYMENT_TARGET = 13.0;
				MTL_ENABLE_DEBUG_INFO = NO;
				MTL_FAST_MATH = YES;
				SDKROOT = iphoneos;
				SWIFT_COMPILATION_MODE = wholemodule;
				SWIFT_OPTIMIZATION_LEVEL = "-O";
				VALIDATE_PRODUCT = YES;
			};
			name = Release;
		};
		C393DAE827A584BC00283AC6 /* Debug */ = {
			isa = XCBuildConfiguration;
			baseConfigurationReference = 3057C9D7EC1E1972706E8D01 /* Pods-RunnerBe-iOS.debug.xcconfig */;
			buildSettings = {
				ASSETCATALOG_COMPILER_APPICON_NAME = AppIcon;
				ASSETCATALOG_COMPILER_GLOBAL_ACCENT_COLOR_NAME = AccentColor;
				CODE_SIGN_STYLE = Automatic;
				CURRENT_PROJECT_VERSION = 1;
				DEVELOPMENT_TEAM = 88WL9553L8;
				GENERATE_INFOPLIST_FILE = YES;
				INFOPLIST_FILE = info.plist;
				INFOPLIST_KEY_UIApplicationSupportsIndirectInputEvents = YES;
				INFOPLIST_KEY_UILaunchStoryboardName = LaunchScreen;
				INFOPLIST_KEY_UISupportedInterfaceOrientations_iPad = "UIInterfaceOrientationPortrait UIInterfaceOrientationPortraitUpsideDown UIInterfaceOrientationLandscapeLeft UIInterfaceOrientationLandscapeRight";
				INFOPLIST_KEY_UISupportedInterfaceOrientations_iPhone = "UIInterfaceOrientationPortrait UIInterfaceOrientationLandscapeLeft UIInterfaceOrientationLandscapeRight";
				LD_RUNPATH_SEARCH_PATHS = (
					"$(inherited)",
					"@executable_path/Frameworks",
				);
				MARKETING_VERSION = 1.0;
				PRODUCT_BUNDLE_IDENTIFIER = "com.RunnerBe-iOS";
				PRODUCT_NAME = "$(TARGET_NAME)";
				SWIFT_EMIT_LOC_STRINGS = YES;
				SWIFT_VERSION = 5.0;
				TARGETED_DEVICE_FAMILY = "1,2";
			};
			name = Debug;
		};
		C393DAE927A584BC00283AC6 /* Release */ = {
			isa = XCBuildConfiguration;
			baseConfigurationReference = 72F90BAE3D262DB808C488AB /* Pods-RunnerBe-iOS.release.xcconfig */;
			buildSettings = {
				ASSETCATALOG_COMPILER_APPICON_NAME = AppIcon;
				ASSETCATALOG_COMPILER_GLOBAL_ACCENT_COLOR_NAME = AccentColor;
				CODE_SIGN_STYLE = Automatic;
				CURRENT_PROJECT_VERSION = 1;
				DEVELOPMENT_TEAM = 88WL9553L8;
				GENERATE_INFOPLIST_FILE = YES;
				INFOPLIST_FILE = info.plist;
				INFOPLIST_KEY_UIApplicationSupportsIndirectInputEvents = YES;
				INFOPLIST_KEY_UILaunchStoryboardName = LaunchScreen;
				INFOPLIST_KEY_UISupportedInterfaceOrientations_iPad = "UIInterfaceOrientationPortrait UIInterfaceOrientationPortraitUpsideDown UIInterfaceOrientationLandscapeLeft UIInterfaceOrientationLandscapeRight";
				INFOPLIST_KEY_UISupportedInterfaceOrientations_iPhone = "UIInterfaceOrientationPortrait UIInterfaceOrientationLandscapeLeft UIInterfaceOrientationLandscapeRight";
				LD_RUNPATH_SEARCH_PATHS = (
					"$(inherited)",
					"@executable_path/Frameworks",
				);
				MARKETING_VERSION = 1.0;
				PRODUCT_BUNDLE_IDENTIFIER = "com.RunnerBe-iOS";
				PRODUCT_NAME = "$(TARGET_NAME)";
				SWIFT_EMIT_LOC_STRINGS = YES;
				SWIFT_VERSION = 5.0;
				TARGETED_DEVICE_FAMILY = "1,2";
			};
			name = Release;
		};
/* End XCBuildConfiguration section */

/* Begin XCConfigurationList section */
		C393DACE27A584BA00283AC6 /* Build configuration list for PBXProject "RunnerBe-iOS" */ = {
			isa = XCConfigurationList;
			buildConfigurations = (
				C393DAE527A584BC00283AC6 /* Debug */,
				C393DAE627A584BC00283AC6 /* Release */,
			);
			defaultConfigurationIsVisible = 0;
			defaultConfigurationName = Release;
		};
		C393DAE727A584BC00283AC6 /* Build configuration list for PBXNativeTarget "RunnerBe-iOS" */ = {
			isa = XCConfigurationList;
			buildConfigurations = (
				C393DAE827A584BC00283AC6 /* Debug */,
				C393DAE927A584BC00283AC6 /* Release */,
			);
			defaultConfigurationIsVisible = 0;
			defaultConfigurationName = Release;
		};
/* End XCConfigurationList section */
	};
	rootObject = C393DACB27A584BA00283AC6 /* Project object */;
}
