// !$*UTF8*$!
{
	archiveVersion = 1;
	classes = {
	};
	objectVersion = 55;
	objects = {

/* Begin PBXBuildFile section */
		C393DAD727A584BB00283AC6 /* AppDelegate.swift in Sources */ = {isa = PBXBuildFile; fileRef = C393DAD627A584BB00283AC6 /* AppDelegate.swift */; };
		C393DAD927A584BB00283AC6 /* SceneDelegate.swift in Sources */ = {isa = PBXBuildFile; fileRef = C393DAD827A584BB00283AC6 /* SceneDelegate.swift */; };
		C393DADB27A584BB00283AC6 /* ViewController.swift in Sources */ = {isa = PBXBuildFile; fileRef = C393DADA27A584BB00283AC6 /* ViewController.swift */; };
		C393DADE27A584BB00283AC6 /* Main.storyboard in Resources */ = {isa = PBXBuildFile; fileRef = C393DADC27A584BB00283AC6 /* Main.storyboard */; };
		C393DAE327A584BC00283AC6 /* LaunchScreen.storyboard in Resources */ = {isa = PBXBuildFile; fileRef = C393DAE127A584BC00283AC6 /* LaunchScreen.storyboard */; };
		C393DAED27A5923E00283AC6 /* Images.xcassets in Resources */ = {isa = PBXBuildFile; fileRef = C393DAEC27A5923E00283AC6 /* Images.xcassets */; };
		C393DAEF27A5924C00283AC6 /* Colors.xcassets in Resources */ = {isa = PBXBuildFile; fileRef = C393DAEE27A5924C00283AC6 /* Colors.xcassets */; };
		C393DAF427A596BC00283AC6 /* Assets.xcassets in Resources */ = {isa = PBXBuildFile; fileRef = C393DAF327A596BC00283AC6 /* Assets.xcassets */; };
		CCF25954AD874F64414CC203 /* Pods_RunnerBe_iOS.framework in Frameworks */ = {isa = PBXBuildFile; fileRef = D2383CCB0028A0952F7BBDB1 /* Pods_RunnerBe_iOS.framework */; };
/* End PBXBuildFile section */

/* Begin PBXFileReference section */
		3057C9D7EC1E1972706E8D01 /* Pods-RunnerBe-iOS.debug.xcconfig */ = {isa = PBXFileReference; includeInIndex = 1; lastKnownFileType = text.xcconfig; name = "Pods-RunnerBe-iOS.debug.xcconfig"; path = "Target Support Files/Pods-RunnerBe-iOS/Pods-RunnerBe-iOS.debug.xcconfig"; sourceTree = "<group>"; };
		72F90BAE3D262DB808C488AB /* Pods-RunnerBe-iOS.release.xcconfig */ = {isa = PBXFileReference; includeInIndex = 1; lastKnownFileType = text.xcconfig; name = "Pods-RunnerBe-iOS.release.xcconfig"; path = "Target Support Files/Pods-RunnerBe-iOS/Pods-RunnerBe-iOS.release.xcconfig"; sourceTree = "<group>"; };
		C393DAD327A584BB00283AC6 /* RunnerBe-iOS.app */ = {isa = PBXFileReference; explicitFileType = wrapper.application; includeInIndex = 0; path = "RunnerBe-iOS.app"; sourceTree = BUILT_PRODUCTS_DIR; };
		C393DAD627A584BB00283AC6 /* AppDelegate.swift */ = {isa = PBXFileReference; lastKnownFileType = sourcecode.swift; path = AppDelegate.swift; sourceTree = "<group>"; };
		C393DAD827A584BB00283AC6 /* SceneDelegate.swift */ = {isa = PBXFileReference; lastKnownFileType = sourcecode.swift; path = SceneDelegate.swift; sourceTree = "<group>"; };
		C393DADA27A584BB00283AC6 /* ViewController.swift */ = {isa = PBXFileReference; lastKnownFileType = sourcecode.swift; path = ViewController.swift; sourceTree = "<group>"; };
		C393DADD27A584BB00283AC6 /* Base */ = {isa = PBXFileReference; lastKnownFileType = file.storyboard; name = Base; path = Base.lproj/Main.storyboard; sourceTree = "<group>"; };
		C393DAE227A584BC00283AC6 /* Base */ = {isa = PBXFileReference; lastKnownFileType = file.storyboard; name = Base; path = Base.lproj/LaunchScreen.storyboard; sourceTree = "<group>"; };
		C393DAE427A584BC00283AC6 /* Info.plist */ = {isa = PBXFileReference; lastKnownFileType = text.plist.xml; path = Info.plist; sourceTree = "<group>"; };
		C393DAEC27A5923E00283AC6 /* Images.xcassets */ = {isa = PBXFileReference; lastKnownFileType = folder.assetcatalog; path = Images.xcassets; sourceTree = "<group>"; };
		C393DAEE27A5924C00283AC6 /* Colors.xcassets */ = {isa = PBXFileReference; lastKnownFileType = folder.assetcatalog; path = Colors.xcassets; sourceTree = "<group>"; };
		C393DAF327A596BC00283AC6 /* Assets.xcassets */ = {isa = PBXFileReference; lastKnownFileType = folder.assetcatalog; path = Assets.xcassets; sourceTree = "<group>"; };
		D2383CCB0028A0952F7BBDB1 /* Pods_RunnerBe_iOS.framework */ = {isa = PBXFileReference; explicitFileType = wrapper.framework; includeInIndex = 0; path = Pods_RunnerBe_iOS.framework; sourceTree = BUILT_PRODUCTS_DIR; };
/* End PBXFileReference section */

/* Begin PBXFrameworksBuildPhase section */
		C393DAD027A584BB00283AC6 /* Frameworks */ = {
			isa = PBXFrameworksBuildPhase;
			buildActionMask = 2147483647;
			files = (
				CCF25954AD874F64414CC203 /* Pods_RunnerBe_iOS.framework in Frameworks */,
			);
			runOnlyForDeploymentPostprocessing = 0;
		};
/* End PBXFrameworksBuildPhase section */

/* Begin PBXGroup section */
		2DAE90A353445618E884984A /* Pods */ = {
			isa = PBXGroup;
			children = (
				3057C9D7EC1E1972706E8D01 /* Pods-RunnerBe-iOS.debug.xcconfig */,
				72F90BAE3D262DB808C488AB /* Pods-RunnerBe-iOS.release.xcconfig */,
			);
			path = Pods;
			sourceTree = "<group>";
		};
		B298B4951802757104C35A66 /* Frameworks */ = {
			isa = PBXGroup;
			children = (
				D2383CCB0028A0952F7BBDB1 /* Pods_RunnerBe_iOS.framework */,
			);
			name = Frameworks;
			sourceTree = "<group>";
		};
		C393DACA27A584BA00283AC6 = {
			isa = PBXGroup;
			children = (
				C393DAD527A584BB00283AC6 /* RunnerBe-iOS */,
				C393DAD427A584BB00283AC6 /* Products */,
				2DAE90A353445618E884984A /* Pods */,
				B298B4951802757104C35A66 /* Frameworks */,
			);
			sourceTree = "<group>";
		};
		C393DAD427A584BB00283AC6 /* Products */ = {
			isa = PBXGroup;
			children = (
				C393DAD327A584BB00283AC6 /* RunnerBe-iOS.app */,
			);
			name = Products;
			sourceTree = "<group>";
		};
		C393DAD527A584BB00283AC6 /* RunnerBe-iOS */ = {
			isa = PBXGroup;
			children = (
				C393DAF727A59CFA00283AC6 /* App */,
				C393DAF627A59CF100283AC6 /* Sources */,
				C393DAEB27A5921700283AC6 /* Resources */,
			);
			path = "RunnerBe-iOS";
			sourceTree = "<group>";
		};
		C393DAEB27A5921700283AC6 /* Resources */ = {
			isa = PBXGroup;
			children = (
				C393DAF227A5960600283AC6 /* Fonts */,
				C393DAEC27A5923E00283AC6 /* Images.xcassets */,
				C393DAEE27A5924C00283AC6 /* Colors.xcassets */,
				C393DAF327A596BC00283AC6 /* Assets.xcassets */,
			);
			path = Resources;
			sourceTree = "<group>";
		};
		C393DAF227A5960600283AC6 /* Fonts */ = {
			isa = PBXGroup;
			children = (
			);
			path = Fonts;
			sourceTree = "<group>";
		};
		C393DAF627A59CF100283AC6 /* Sources */ = {
			isa = PBXGroup;
			children = (
				C393DADA27A584BB00283AC6 /* ViewController.swift */,
			);
			path = Sources;
			sourceTree = "<group>";
		};
		C393DAF727A59CFA00283AC6 /* App */ = {
			isa = PBXGroup;
			children = (
				C393DAD627A584BB00283AC6 /* AppDelegate.swift */,
				C393DAD827A584BB00283AC6 /* SceneDelegate.swift */,
				C393DADC27A584BB00283AC6 /* Main.storyboard */,
				C393DAE127A584BC00283AC6 /* LaunchScreen.storyboard */,
				C393DAE427A584BC00283AC6 /* Info.plist */,
			);
			path = App;
			sourceTree = "<group>";
		};
/* End PBXGroup section */

/* Begin PBXNativeTarget section */
		C393DAD227A584BB00283AC6 /* RunnerBe-iOS */ = {
			isa = PBXNativeTarget;
			buildConfigurationList = C393DAE727A584BC00283AC6 /* Build configuration list for PBXNativeTarget "RunnerBe-iOS" */;
			buildPhases = (
				1C2FB54B75C18BA8DCBA4BD4 /* [CP] Check Pods Manifest.lock */,
				C393DAF527A599A000283AC6 /* SwiftFormat */,
				C393DAEA27A5882400283AC6 /* SwiftGen Run Script */,
				C393DACF27A584BB00283AC6 /* Sources */,
				C393DAD027A584BB00283AC6 /* Frameworks */,
				C393DAD127A584BB00283AC6 /* Resources */,
			);
			buildRules = (
			);
			dependencies = (
			);
			name = "RunnerBe-iOS";
			productName = "RunnerBe-iOS";
			productReference = C393DAD327A584BB00283AC6 /* RunnerBe-iOS.app */;
			productType = "com.apple.product-type.application";
		};
/* End PBXNativeTarget section */

/* Begin PBXProject section */
		C393DACB27A584BA00283AC6 /* Project object */ = {
			isa = PBXProject;
			attributes = {
				BuildIndependentTargetsInParallel = 1;
				LastSwiftUpdateCheck = 1320;
				LastUpgradeCheck = 1320;
				TargetAttributes = {
					C393DAD227A584BB00283AC6 = {
						CreatedOnToolsVersion = 13.2.1;
					};
				};
			};
			buildConfigurationList = C393DACE27A584BA00283AC6 /* Build configuration list for PBXProject "RunnerBe-iOS" */;
			compatibilityVersion = "Xcode 13.0";
			developmentRegion = en;
			hasScannedForEncodings = 0;
			knownRegions = (
				en,
				Base,
			);
			mainGroup = C393DACA27A584BA00283AC6;
			productRefGroup = C393DAD427A584BB00283AC6 /* Products */;
			projectDirPath = "";
			projectRoot = "";
			targets = (
				C393DAD227A584BB00283AC6 /* RunnerBe-iOS */,
			);
		};
/* End PBXProject section */

/* Begin PBXResourcesBuildPhase section */
		C393DAD127A584BB00283AC6 /* Resources */ = {
			isa = PBXResourcesBuildPhase;
			buildActionMask = 2147483647;
			files = (
				C393DAEF27A5924C00283AC6 /* Colors.xcassets in Resources */,
				C393DAE327A584BC00283AC6 /* LaunchScreen.storyboard in Resources */,
				C393DAED27A5923E00283AC6 /* Images.xcassets in Resources */,
				C393DADE27A584BB00283AC6 /* Main.storyboard in Resources */,
				C393DAF427A596BC00283AC6 /* Assets.xcassets in Resources */,
			);
			runOnlyForDeploymentPostprocessing = 0;
		};
/* End PBXResourcesBuildPhase section */

/* Begin PBXShellScriptBuildPhase section */
		1C2FB54B75C18BA8DCBA4BD4 /* [CP] Check Pods Manifest.lock */ = {
			isa = PBXShellScriptBuildPhase;
			buildActionMask = 2147483647;
			files = (
			);
			inputFileListPaths = (
			);
			inputPaths = (
				"${PODS_PODFILE_DIR_PATH}/Podfile.lock",
				"${PODS_ROOT}/Manifest.lock",
			);
			name = "[CP] Check Pods Manifest.lock";
			outputFileListPaths = (
			);
			outputPaths = (
				"$(DERIVED_FILE_DIR)/Pods-RunnerBe-iOS-checkManifestLockResult.txt",
			);
			runOnlyForDeploymentPostprocessing = 0;
			shellPath = /bin/sh;
			shellScript = "diff \"${PODS_PODFILE_DIR_PATH}/Podfile.lock\" \"${PODS_ROOT}/Manifest.lock\" > /dev/null\nif [ $? != 0 ] ; then\n    # print error to STDERR\n    echo \"error: The sandbox is not in sync with the Podfile.lock. Run 'pod install' or update your CocoaPods installation.\" >&2\n    exit 1\nfi\n# This output is used by Xcode 'outputs' to avoid re-running this script phase.\necho \"SUCCESS\" > \"${SCRIPT_OUTPUT_FILE_0}\"\n";
			showEnvVarsInLog = 0;
		};
		C393DAEA27A5882400283AC6 /* SwiftGen Run Script */ = {
			isa = PBXShellScriptBuildPhase;
			buildActionMask = 2147483647;
			files = (
			);
			inputFileListPaths = (
			);
			inputPaths = (
			);
			name = "SwiftGen Run Script";
			outputFileListPaths = (
			);
			outputPaths = (
			);
			runOnlyForDeploymentPostprocessing = 0;
			shellPath = /bin/sh;
			shellScript = "if [[ -f \"${PODS_ROOT}/SwiftGen/bin/swiftgen\" ]]; then\n  \"${PODS_ROOT}/SwiftGen/bin/swiftgen\"\nelse\n  echo \"warning: SwiftGen is not installed. Run 'pod install --repo-update' to install it.\"\nfi\n";
		};
		C393DAF527A599A000283AC6 /* SwiftFormat */ = {
			isa = PBXShellScriptBuildPhase;
			buildActionMask = 2147483647;
			files = (
			);
			inputFileListPaths = (
			);
			inputPaths = (
			);
			name = SwiftFormat;
			outputFileListPaths = (
			);
			outputPaths = (
			);
			runOnlyForDeploymentPostprocessing = 0;
			shellPath = /bin/sh;
			shellScript = "\"${PODS_ROOT}/SwiftFormat/CommandLineTool/swiftformat\" \"$SRCROOT\"\n";
		};
/* End PBXShellScriptBuildPhase section */

/* Begin PBXSourcesBuildPhase section */
		C393DACF27A584BB00283AC6 /* Sources */ = {
			isa = PBXSourcesBuildPhase;
			buildActionMask = 2147483647;
			files = (
				C393DADB27A584BB00283AC6 /* ViewController.swift in Sources */,
				C393DAD727A584BB00283AC6 /* AppDelegate.swift in Sources */,
				C393DAD927A584BB00283AC6 /* SceneDelegate.swift in Sources */,
			);
			runOnlyForDeploymentPostprocessing = 0;
		};
/* End PBXSourcesBuildPhase section */

/* Begin PBXVariantGroup section */
		C393DADC27A584BB00283AC6 /* Main.storyboard */ = {
			isa = PBXVariantGroup;
			children = (
				C393DADD27A584BB00283AC6 /* Base */,
			);
			name = Main.storyboard;
			sourceTree = "<group>";
		};
		C393DAE127A584BC00283AC6 /* LaunchScreen.storyboard */ = {
			isa = PBXVariantGroup;
			children = (
				C393DAE227A584BC00283AC6 /* Base */,
			);
			name = LaunchScreen.storyboard;
			sourceTree = "<group>";
		};
/* End PBXVariantGroup section */

/* Begin XCBuildConfiguration section */
		C393DAE527A584BC00283AC6 /* Debug */ = {
			isa = XCBuildConfiguration;
			buildSettings = {
				ALWAYS_SEARCH_USER_PATHS = NO;
				CLANG_ANALYZER_NONNULL = YES;
				CLANG_ANALYZER_NUMBER_OBJECT_CONVERSION = YES_AGGRESSIVE;
				CLANG_CXX_LANGUAGE_STANDARD = "gnu++17";
				CLANG_CXX_LIBRARY = "libc++";
				CLANG_ENABLE_MODULES = YES;
				CLANG_ENABLE_OBJC_ARC = YES;
				CLANG_ENABLE_OBJC_WEAK = YES;
				CLANG_WARN_BLOCK_CAPTURE_AUTORELEASING = YES;
				CLANG_WARN_BOOL_CONVERSION = YES;
				CLANG_WARN_COMMA = YES;
				CLANG_WARN_CONSTANT_CONVERSION = YES;
				CLANG_WARN_DEPRECATED_OBJC_IMPLEMENTATIONS = YES;
				CLANG_WARN_DIRECT_OBJC_ISA_USAGE = YES_ERROR;
				CLANG_WARN_DOCUMENTATION_COMMENTS = YES;
				CLANG_WARN_EMPTY_BODY = YES;
				CLANG_WARN_ENUM_CONVERSION = YES;
				CLANG_WARN_INFINITE_RECURSION = YES;
				CLANG_WARN_INT_CONVERSION = YES;
				CLANG_WARN_NON_LITERAL_NULL_CONVERSION = YES;
				CLANG_WARN_OBJC_IMPLICIT_RETAIN_SELF = YES;
				CLANG_WARN_OBJC_LITERAL_CONVERSION = YES;
				CLANG_WARN_OBJC_ROOT_CLASS = YES_ERROR;
				CLANG_WARN_QUOTED_INCLUDE_IN_FRAMEWORK_HEADER = YES;
				CLANG_WARN_RANGE_LOOP_ANALYSIS = YES;
				CLANG_WARN_STRICT_PROTOTYPES = YES;
				CLANG_WARN_SUSPICIOUS_MOVE = YES;
				CLANG_WARN_UNGUARDED_AVAILABILITY = YES_AGGRESSIVE;
				CLANG_WARN_UNREACHABLE_CODE = YES;
				CLANG_WARN__DUPLICATE_METHOD_MATCH = YES;
				COPY_PHASE_STRIP = NO;
				DEBUG_INFORMATION_FORMAT = dwarf;
				ENABLE_STRICT_OBJC_MSGSEND = YES;
				ENABLE_TESTABILITY = YES;
				GCC_C_LANGUAGE_STANDARD = gnu11;
				GCC_DYNAMIC_NO_PIC = NO;
				GCC_NO_COMMON_BLOCKS = YES;
				GCC_OPTIMIZATION_LEVEL = 0;
				GCC_PREPROCESSOR_DEFINITIONS = (
					"DEBUG=1",
					"$(inherited)",
				);
				GCC_WARN_64_TO_32_BIT_CONVERSION = YES;
				GCC_WARN_ABOUT_RETURN_TYPE = YES_ERROR;
				GCC_WARN_UNDECLARED_SELECTOR = YES;
				GCC_WARN_UNINITIALIZED_AUTOS = YES_AGGRESSIVE;
				GCC_WARN_UNUSED_FUNCTION = YES;
				GCC_WARN_UNUSED_VARIABLE = YES;
				IPHONEOS_DEPLOYMENT_TARGET = 15.2;
				MTL_ENABLE_DEBUG_INFO = INCLUDE_SOURCE;
				MTL_FAST_MATH = YES;
				ONLY_ACTIVE_ARCH = YES;
				SDKROOT = iphoneos;
				SWIFT_ACTIVE_COMPILATION_CONDITIONS = DEBUG;
				SWIFT_OPTIMIZATION_LEVEL = "-Onone";
			};
			name = Debug;
		};
		C393DAE627A584BC00283AC6 /* Release */ = {
			isa = XCBuildConfiguration;
			buildSettings = {
				ALWAYS_SEARCH_USER_PATHS = NO;
				CLANG_ANALYZER_NONNULL = YES;
				CLANG_ANALYZER_NUMBER_OBJECT_CONVERSION = YES_AGGRESSIVE;
				CLANG_CXX_LANGUAGE_STANDARD = "gnu++17";
				CLANG_CXX_LIBRARY = "libc++";
				CLANG_ENABLE_MODULES = YES;
				CLANG_ENABLE_OBJC_ARC = YES;
				CLANG_ENABLE_OBJC_WEAK = YES;
				CLANG_WARN_BLOCK_CAPTURE_AUTORELEASING = YES;
				CLANG_WARN_BOOL_CONVERSION = YES;
				CLANG_WARN_COMMA = YES;
				CLANG_WARN_CONSTANT_CONVERSION = YES;
				CLANG_WARN_DEPRECATED_OBJC_IMPLEMENTATIONS = YES;
				CLANG_WARN_DIRECT_OBJC_ISA_USAGE = YES_ERROR;
				CLANG_WARN_DOCUMENTATION_COMMENTS = YES;
				CLANG_WARN_EMPTY_BODY = YES;
				CLANG_WARN_ENUM_CONVERSION = YES;
				CLANG_WARN_INFINITE_RECURSION = YES;
				CLANG_WARN_INT_CONVERSION = YES;
				CLANG_WARN_NON_LITERAL_NULL_CONVERSION = YES;
				CLANG_WARN_OBJC_IMPLICIT_RETAIN_SELF = YES;
				CLANG_WARN_OBJC_LITERAL_CONVERSION = YES;
				CLANG_WARN_OBJC_ROOT_CLASS = YES_ERROR;
				CLANG_WARN_QUOTED_INCLUDE_IN_FRAMEWORK_HEADER = YES;
				CLANG_WARN_RANGE_LOOP_ANALYSIS = YES;
				CLANG_WARN_STRICT_PROTOTYPES = YES;
				CLANG_WARN_SUSPICIOUS_MOVE = YES;
				CLANG_WARN_UNGUARDED_AVAILABILITY = YES_AGGRESSIVE;
				CLANG_WARN_UNREACHABLE_CODE = YES;
				CLANG_WARN__DUPLICATE_METHOD_MATCH = YES;
				COPY_PHASE_STRIP = NO;
				DEBUG_INFORMATION_FORMAT = "dwarf-with-dsym";
				ENABLE_NS_ASSERTIONS = NO;
				ENABLE_STRICT_OBJC_MSGSEND = YES;
				GCC_C_LANGUAGE_STANDARD = gnu11;
				GCC_NO_COMMON_BLOCKS = YES;
				GCC_WARN_64_TO_32_BIT_CONVERSION = YES;
				GCC_WARN_ABOUT_RETURN_TYPE = YES_ERROR;
				GCC_WARN_UNDECLARED_SELECTOR = YES;
				GCC_WARN_UNINITIALIZED_AUTOS = YES_AGGRESSIVE;
				GCC_WARN_UNUSED_FUNCTION = YES;
				GCC_WARN_UNUSED_VARIABLE = YES;
				IPHONEOS_DEPLOYMENT_TARGET = 15.2;
				MTL_ENABLE_DEBUG_INFO = NO;
				MTL_FAST_MATH = YES;
				SDKROOT = iphoneos;
				SWIFT_COMPILATION_MODE = wholemodule;
				SWIFT_OPTIMIZATION_LEVEL = "-O";
				VALIDATE_PRODUCT = YES;
			};
			name = Release;
		};
		C393DAE827A584BC00283AC6 /* Debug */ = {
			isa = XCBuildConfiguration;
			baseConfigurationReference = 3057C9D7EC1E1972706E8D01 /* Pods-RunnerBe-iOS.debug.xcconfig */;
			buildSettings = {
				ASSETCATALOG_COMPILER_APPICON_NAME = AppIcon;
				ASSETCATALOG_COMPILER_GLOBAL_ACCENT_COLOR_NAME = AccentColor;
				CODE_SIGN_STYLE = Automatic;
				CURRENT_PROJECT_VERSION = 1;
				DEVELOPMENT_TEAM = 88WL9553L8;
				GENERATE_INFOPLIST_FILE = YES;
				INFOPLIST_FILE = "RunnerBe-iOS/App/Info.plist";
				INFOPLIST_KEY_UIApplicationSupportsIndirectInputEvents = YES;
				INFOPLIST_KEY_UILaunchStoryboardName = LaunchScreen;
				INFOPLIST_KEY_UISupportedInterfaceOrientations_iPad = "UIInterfaceOrientationPortrait UIInterfaceOrientationPortraitUpsideDown UIInterfaceOrientationLandscapeLeft UIInterfaceOrientationLandscapeRight";
				INFOPLIST_KEY_UISupportedInterfaceOrientations_iPhone = "UIInterfaceOrientationPortrait UIInterfaceOrientationLandscapeLeft UIInterfaceOrientationLandscapeRight";
				LD_RUNPATH_SEARCH_PATHS = (
					"$(inherited)",
					"@executable_path/Frameworks",
				);
				MARKETING_VERSION = 1.0;
				PRODUCT_BUNDLE_IDENTIFIER = "sw.RunnerBe-iOS";
				PRODUCT_NAME = "$(TARGET_NAME)";
				SWIFT_EMIT_LOC_STRINGS = YES;
				SWIFT_VERSION = 5.0;
				TARGETED_DEVICE_FAMILY = "1,2";
			};
			name = Debug;
		};
		C393DAE927A584BC00283AC6 /* Release */ = {
			isa = XCBuildConfiguration;
			baseConfigurationReference = 72F90BAE3D262DB808C488AB /* Pods-RunnerBe-iOS.release.xcconfig */;
			buildSettings = {
				ASSETCATALOG_COMPILER_APPICON_NAME = AppIcon;
				ASSETCATALOG_COMPILER_GLOBAL_ACCENT_COLOR_NAME = AccentColor;
				CODE_SIGN_STYLE = Automatic;
				CURRENT_PROJECT_VERSION = 1;
				DEVELOPMENT_TEAM = 88WL9553L8;
				GENERATE_INFOPLIST_FILE = YES;
				INFOPLIST_FILE = "RunnerBe-iOS/App/Info.plist";
				INFOPLIST_KEY_UIApplicationSupportsIndirectInputEvents = YES;
				INFOPLIST_KEY_UILaunchStoryboardName = LaunchScreen;
				INFOPLIST_KEY_UISupportedInterfaceOrientations_iPad = "UIInterfaceOrientationPortrait UIInterfaceOrientationPortraitUpsideDown UIInterfaceOrientationLandscapeLeft UIInterfaceOrientationLandscapeRight";
				INFOPLIST_KEY_UISupportedInterfaceOrientations_iPhone = "UIInterfaceOrientationPortrait UIInterfaceOrientationLandscapeLeft UIInterfaceOrientationLandscapeRight";
				LD_RUNPATH_SEARCH_PATHS = (
					"$(inherited)",
					"@executable_path/Frameworks",
				);
				MARKETING_VERSION = 1.0;
				PRODUCT_BUNDLE_IDENTIFIER = "sw.RunnerBe-iOS";
				PRODUCT_NAME = "$(TARGET_NAME)";
				SWIFT_EMIT_LOC_STRINGS = YES;
				SWIFT_VERSION = 5.0;
				TARGETED_DEVICE_FAMILY = "1,2";
			};
			name = Release;
		};
/* End XCBuildConfiguration section */

/* Begin XCConfigurationList section */
		C393DACE27A584BA00283AC6 /* Build configuration list for PBXProject "RunnerBe-iOS" */ = {
			isa = XCConfigurationList;
			buildConfigurations = (
				C393DAE527A584BC00283AC6 /* Debug */,
				C393DAE627A584BC00283AC6 /* Release */,
			);
			defaultConfigurationIsVisible = 0;
			defaultConfigurationName = Release;
		};
		C393DAE727A584BC00283AC6 /* Build configuration list for PBXNativeTarget "RunnerBe-iOS" */ = {
			isa = XCConfigurationList;
			buildConfigurations = (
				C393DAE827A584BC00283AC6 /* Debug */,
				C393DAE927A584BC00283AC6 /* Release */,
			);
			defaultConfigurationIsVisible = 0;
			defaultConfigurationName = Release;
		};
/* End XCConfigurationList section */
	};
	rootObject = C393DACB27A584BA00283AC6 /* Project object */;
}
