// !$*UTF8*$!
{
	archiveVersion = 1;
	classes = {
	};
	objectVersion = 55;
	objects = {

/* Begin PBXBuildFile section */
		6446622B2E8C1F9E0907F3CD /* Pods_RunnerBe_iOS.framework in Frameworks */ = {isa = PBXBuildFile; fileRef = C73CEAF854E36FCBA76FEB62 /* Pods_RunnerBe_iOS.framework */; };
		C34FDA2A27AD5999007718F8 /* LaunchScreen.storyboard in Resources */ = {isa = PBXBuildFile; fileRef = C34FDA2827AD5999007718F8 /* LaunchScreen.storyboard */; };
		C34FDA4227AD5BC7007718F8 /* Colors.xcassets in Resources */ = {isa = PBXBuildFile; fileRef = C34FDA3D27AD5BC6007718F8 /* Colors.xcassets */; };
		C34FDA4327AD5BC7007718F8 /* Localization in Resources */ = {isa = PBXBuildFile; fileRef = C34FDA3E27AD5BC6007718F8 /* Localization */; };
		C34FDA4427AD5BC7007718F8 /* Images.xcassets in Resources */ = {isa = PBXBuildFile; fileRef = C34FDA3F27AD5BC7007718F8 /* Images.xcassets */; };
		C34FDA4527AD5BC7007718F8 /* Assets.xcassets in Resources */ = {isa = PBXBuildFile; fileRef = C34FDA4027AD5BC7007718F8 /* Assets.xcassets */; };
		C34FDA4627AD5BC7007718F8 /* Fonts in Resources */ = {isa = PBXBuildFile; fileRef = C34FDA4127AD5BC7007718F8 /* Fonts */; };
		C34FDA6727AD5C83007718F8 /* BaseViewController.swift in Sources */ = {isa = PBXBuildFile; fileRef = C34FDA4E27AD5C82007718F8 /* BaseViewController.swift */; };
		C34FDA6827AD5C83007718F8 /* LoggedOutViewModel.swift in Sources */ = {isa = PBXBuildFile; fileRef = C34FDA5127AD5C82007718F8 /* LoggedOutViewModel.swift */; };
		C34FDA6927AD5C83007718F8 /* LoggedOutViewController.swift in Sources */ = {isa = PBXBuildFile; fileRef = C34FDA5227AD5C82007718F8 /* LoggedOutViewController.swift */; };
		C34FDA6A27AD5C83007718F8 /* OAuthToken.swift in Sources */ = {isa = PBXBuildFile; fileRef = C34FDA5527AD5C82007718F8 /* OAuthToken.swift */; };
		C34FDA6B27AD5C83007718F8 /* UIStackView+Make.swift in Sources */ = {isa = PBXBuildFile; fileRef = C34FDA5827AD5C82007718F8 /* UIStackView+Make.swift */; };
		C34FDA6C27AD5C83007718F8 /* SceneDelegate.swift in Sources */ = {isa = PBXBuildFile; fileRef = C34FDA5927AD5C82007718F8 /* SceneDelegate.swift */; };
		C34FDA6D27AD5C83007718F8 /* AppDelegate.swift in Sources */ = {isa = PBXBuildFile; fileRef = C34FDA5A27AD5C82007718F8 /* AppDelegate.swift */; };
		C34FDA6E27AD5C83007718F8 /* KakaoOAuthService.swift in Sources */ = {isa = PBXBuildFile; fileRef = C34FDA5D27AD5C83007718F8 /* KakaoOAuthService.swift */; };
		C34FDA6F27AD5C83007718F8 /* KakaoOAuthServicable.swift in Sources */ = {isa = PBXBuildFile; fileRef = C34FDA5E27AD5C83007718F8 /* KakaoOAuthServicable.swift */; };
		C34FDA7027AD5C83007718F8 /* 1_AppCoordinator.swift in Sources */ = {isa = PBXBuildFile; fileRef = C34FDA6027AD5C83007718F8 /* 1_AppCoordinator.swift */; };
		C34FDA7127AD5C83007718F8 /* 0_BasicCoordinator.swift in Sources */ = {isa = PBXBuildFile; fileRef = C34FDA6127AD5C83007718F8 /* 0_BasicCoordinator.swift */; };
		C34FDA7227AD5C83007718F8 /* 2__LoggedOutCoordinator.swift in Sources */ = {isa = PBXBuildFile; fileRef = C34FDA6227AD5C83007718F8 /* 2__LoggedOutCoordinator.swift */; };
		C34FDA7327AD5C83007718F8 /* 0_AppComponent.swift in Sources */ = {isa = PBXBuildFile; fileRef = C34FDA6527AD5C83007718F8 /* 0_AppComponent.swift */; };
		C34FDA7427AD5C83007718F8 /* 1__LoggedOutComponent.swift in Sources */ = {isa = PBXBuildFile; fileRef = C34FDA6627AD5C83007718F8 /* 1__LoggedOutComponent.swift */; };
		C34FDA7927AD5D45007718F8 /* Assets+Generated.swift in Sources */ = {isa = PBXBuildFile; fileRef = C34FDA7627AD5D45007718F8 /* Assets+Generated.swift */; };
		C34FDA7A27AD5D45007718F8 /* Fonts+Generated.swift in Sources */ = {isa = PBXBuildFile; fileRef = C34FDA7727AD5D45007718F8 /* Fonts+Generated.swift */; };
		C34FDA7B27AD5D45007718F8 /* Localizable+Generated.swift in Sources */ = {isa = PBXBuildFile; fileRef = C34FDA7827AD5D45007718F8 /* Localizable+Generated.swift */; };
		C34FDA7D27AD5D60007718F8 /* NeedleGenerated.swift in Sources */ = {isa = PBXBuildFile; fileRef = C34FDA7C27AD5D60007718F8 /* NeedleGenerated.swift */; };
		C34FDA8027AD5DB1007718F8 /* Assets+.swift in Sources */ = {isa = PBXBuildFile; fileRef = C34FDA7F27AD5DB1007718F8 /* Assets+.swift */; };
		C34FDA8927AD5FFB007718F8 /* Keys.swift in Sources */ = {isa = PBXBuildFile; fileRef = C34FDA8827AD5FFB007718F8 /* Keys.swift */; };
/* End PBXBuildFile section */

/* Begin PBXFileReference section */
		1860118114B3D5CC6E48BE87 /* Pods-RunnerBe-iOS.release.xcconfig */ = {isa = PBXFileReference; includeInIndex = 1; lastKnownFileType = text.xcconfig; name = "Pods-RunnerBe-iOS.release.xcconfig"; path = "Target Support Files/Pods-RunnerBe-iOS/Pods-RunnerBe-iOS.release.xcconfig"; sourceTree = "<group>"; };
		BFB91C4A0FEADEF7E83BF088 /* Pods-RunnerBe-iOS.debug.xcconfig */ = {isa = PBXFileReference; includeInIndex = 1; lastKnownFileType = text.xcconfig; name = "Pods-RunnerBe-iOS.debug.xcconfig"; path = "Target Support Files/Pods-RunnerBe-iOS/Pods-RunnerBe-iOS.debug.xcconfig"; sourceTree = "<group>"; };
		C34FDA1A27AD5997007718F8 /* RunnerBe-iOS.app */ = {isa = PBXFileReference; explicitFileType = wrapper.application; includeInIndex = 0; path = "RunnerBe-iOS.app"; sourceTree = BUILT_PRODUCTS_DIR; };
		C34FDA2927AD5999007718F8 /* Base */ = {isa = PBXFileReference; lastKnownFileType = file.storyboard; name = Base; path = Base.lproj/LaunchScreen.storyboard; sourceTree = "<group>"; };
		C34FDA2B27AD5999007718F8 /* Info.plist */ = {isa = PBXFileReference; lastKnownFileType = text.plist.xml; path = Info.plist; sourceTree = "<group>"; };
		C34FDA3D27AD5BC6007718F8 /* Colors.xcassets */ = {isa = PBXFileReference; lastKnownFileType = folder.assetcatalog; path = Colors.xcassets; sourceTree = "<group>"; };
		C34FDA3E27AD5BC6007718F8 /* Localization */ = {isa = PBXFileReference; lastKnownFileType = folder; path = Localization; sourceTree = "<group>"; };
		C34FDA3F27AD5BC7007718F8 /* Images.xcassets */ = {isa = PBXFileReference; lastKnownFileType = folder.assetcatalog; path = Images.xcassets; sourceTree = "<group>"; };
		C34FDA4027AD5BC7007718F8 /* Assets.xcassets */ = {isa = PBXFileReference; lastKnownFileType = folder.assetcatalog; path = Assets.xcassets; sourceTree = "<group>"; };
		C34FDA4127AD5BC7007718F8 /* Fonts */ = {isa = PBXFileReference; lastKnownFileType = folder; path = Fonts; sourceTree = "<group>"; };
		C34FDA4E27AD5C82007718F8 /* BaseViewController.swift */ = {isa = PBXFileReference; fileEncoding = 4; lastKnownFileType = sourcecode.swift; path = BaseViewController.swift; sourceTree = "<group>"; };
		C34FDA5127AD5C82007718F8 /* LoggedOutViewModel.swift */ = {isa = PBXFileReference; fileEncoding = 4; lastKnownFileType = sourcecode.swift; path = LoggedOutViewModel.swift; sourceTree = "<group>"; };
		C34FDA5227AD5C82007718F8 /* LoggedOutViewController.swift */ = {isa = PBXFileReference; fileEncoding = 4; lastKnownFileType = sourcecode.swift; path = LoggedOutViewController.swift; sourceTree = "<group>"; };
		C34FDA5527AD5C82007718F8 /* OAuthToken.swift */ = {isa = PBXFileReference; fileEncoding = 4; lastKnownFileType = sourcecode.swift; path = OAuthToken.swift; sourceTree = "<group>"; };
		C34FDA5827AD5C82007718F8 /* UIStackView+Make.swift */ = {isa = PBXFileReference; fileEncoding = 4; lastKnownFileType = sourcecode.swift; path = "UIStackView+Make.swift"; sourceTree = "<group>"; };
		C34FDA5927AD5C82007718F8 /* SceneDelegate.swift */ = {isa = PBXFileReference; fileEncoding = 4; lastKnownFileType = sourcecode.swift; path = SceneDelegate.swift; sourceTree = "<group>"; };
		C34FDA5A27AD5C82007718F8 /* AppDelegate.swift */ = {isa = PBXFileReference; fileEncoding = 4; lastKnownFileType = sourcecode.swift; path = AppDelegate.swift; sourceTree = "<group>"; };
		C34FDA5D27AD5C83007718F8 /* KakaoOAuthService.swift */ = {isa = PBXFileReference; fileEncoding = 4; lastKnownFileType = sourcecode.swift; path = KakaoOAuthService.swift; sourceTree = "<group>"; };
		C34FDA5E27AD5C83007718F8 /* KakaoOAuthServicable.swift */ = {isa = PBXFileReference; fileEncoding = 4; lastKnownFileType = sourcecode.swift; path = KakaoOAuthServicable.swift; sourceTree = "<group>"; };
		C34FDA6027AD5C83007718F8 /* 1_AppCoordinator.swift */ = {isa = PBXFileReference; fileEncoding = 4; lastKnownFileType = sourcecode.swift; path = 1_AppCoordinator.swift; sourceTree = "<group>"; };
		C34FDA6127AD5C83007718F8 /* 0_BasicCoordinator.swift */ = {isa = PBXFileReference; fileEncoding = 4; lastKnownFileType = sourcecode.swift; path = 0_BasicCoordinator.swift; sourceTree = "<group>"; };
		C34FDA6227AD5C83007718F8 /* 2__LoggedOutCoordinator.swift */ = {isa = PBXFileReference; fileEncoding = 4; lastKnownFileType = sourcecode.swift; path = 2__LoggedOutCoordinator.swift; sourceTree = "<group>"; };
		C34FDA6527AD5C83007718F8 /* 0_AppComponent.swift */ = {isa = PBXFileReference; fileEncoding = 4; lastKnownFileType = sourcecode.swift; path = 0_AppComponent.swift; sourceTree = "<group>"; };
		C34FDA6627AD5C83007718F8 /* 1__LoggedOutComponent.swift */ = {isa = PBXFileReference; fileEncoding = 4; lastKnownFileType = sourcecode.swift; path = 1__LoggedOutComponent.swift; sourceTree = "<group>"; };
		C34FDA7627AD5D45007718F8 /* Assets+Generated.swift */ = {isa = PBXFileReference; fileEncoding = 4; lastKnownFileType = sourcecode.swift; path = "Assets+Generated.swift"; sourceTree = "<group>"; };
		C34FDA7727AD5D45007718F8 /* Fonts+Generated.swift */ = {isa = PBXFileReference; fileEncoding = 4; lastKnownFileType = sourcecode.swift; path = "Fonts+Generated.swift"; sourceTree = "<group>"; };
		C34FDA7827AD5D45007718F8 /* Localizable+Generated.swift */ = {isa = PBXFileReference; fileEncoding = 4; lastKnownFileType = sourcecode.swift; path = "Localizable+Generated.swift"; sourceTree = "<group>"; };
		C34FDA7C27AD5D60007718F8 /* NeedleGenerated.swift */ = {isa = PBXFileReference; fileEncoding = 4; lastKnownFileType = sourcecode.swift; path = NeedleGenerated.swift; sourceTree = "<group>"; };
		C34FDA7F27AD5DB1007718F8 /* Assets+.swift */ = {isa = PBXFileReference; fileEncoding = 4; lastKnownFileType = sourcecode.swift; path = "Assets+.swift"; sourceTree = "<group>"; };
		C34FDA8827AD5FFB007718F8 /* Keys.swift */ = {isa = PBXFileReference; lastKnownFileType = sourcecode.swift; path = Keys.swift; sourceTree = "<group>"; };
		C73CEAF854E36FCBA76FEB62 /* Pods_RunnerBe_iOS.framework */ = {isa = PBXFileReference; explicitFileType = wrapper.framework; includeInIndex = 0; path = Pods_RunnerBe_iOS.framework; sourceTree = BUILT_PRODUCTS_DIR; };
/* End PBXFileReference section */

/* Begin PBXFrameworksBuildPhase section */
		C34FDA1727AD5997007718F8 /* Frameworks */ = {
			isa = PBXFrameworksBuildPhase;
			buildActionMask = 2147483647;
			files = (
				6446622B2E8C1F9E0907F3CD /* Pods_RunnerBe_iOS.framework in Frameworks */,
			);
			runOnlyForDeploymentPostprocessing = 0;
		};
/* End PBXFrameworksBuildPhase section */

/* Begin PBXGroup section */
		7DFA2EC107AA65E58D6F6BC9 /* Frameworks */ = {
			isa = PBXGroup;
			children = (
				C73CEAF854E36FCBA76FEB62 /* Pods_RunnerBe_iOS.framework */,
			);
			name = Frameworks;
			sourceTree = "<group>";
		};
		C34FDA1127AD5997007718F8 = {
			isa = PBXGroup;
			children = (
				C34FDA1C27AD5997007718F8 /* RunnerBe-iOS */,
				C34FDA1B27AD5997007718F8 /* Products */,
				F0AA0C2B455B8989027299B1 /* Pods */,
				7DFA2EC107AA65E58D6F6BC9 /* Frameworks */,
			);
			sourceTree = "<group>";
		};
		C34FDA1B27AD5997007718F8 /* Products */ = {
			isa = PBXGroup;
			children = (
				C34FDA1A27AD5997007718F8 /* RunnerBe-iOS.app */,
			);
			name = Products;
			sourceTree = "<group>";
		};
		C34FDA1C27AD5997007718F8 /* RunnerBe-iOS */ = {
			isa = PBXGroup;
			children = (
				C34FDA8727AD5FCF007718F8 /* Ignore */,
				C34FDA7527AD5C98007718F8 /* Sources */,
				C34FDA3227AD59F3007718F8 /* Resources */,
				C34FDA2827AD5999007718F8 /* LaunchScreen.storyboard */,
				C34FDA2B27AD5999007718F8 /* Info.plist */,
			);
			path = "RunnerBe-iOS";
			sourceTree = "<group>";
		};
		C34FDA3227AD59F3007718F8 /* Resources */ = {
			isa = PBXGroup;
			children = (
				C34FDA7627AD5D45007718F8 /* Assets+Generated.swift */,
				C34FDA7727AD5D45007718F8 /* Fonts+Generated.swift */,
				C34FDA7827AD5D45007718F8 /* Localizable+Generated.swift */,
				C34FDA4027AD5BC7007718F8 /* Assets.xcassets */,
				C34FDA3D27AD5BC6007718F8 /* Colors.xcassets */,
				C34FDA4127AD5BC7007718F8 /* Fonts */,
				C34FDA3F27AD5BC7007718F8 /* Images.xcassets */,
				C34FDA3E27AD5BC6007718F8 /* Localization */,
			);
			path = Resources;
			sourceTree = "<group>";
		};
		C34FDA4D27AD5C82007718F8 /* 5_Scene */ = {
			isa = PBXGroup;
			children = (
				C34FDA4E27AD5C82007718F8 /* BaseViewController.swift */,
				C34FDA4F27AD5C82007718F8 /* 1_MainTabbar */,
				C34FDA5027AD5C82007718F8 /* 0_LoggedOut */,
			);
			path = 5_Scene;
			sourceTree = "<group>";
		};
		C34FDA4F27AD5C82007718F8 /* 1_MainTabbar */ = {
			isa = PBXGroup;
			children = (
			);
			path = 1_MainTabbar;
			sourceTree = "<group>";
		};
		C34FDA5027AD5C82007718F8 /* 0_LoggedOut */ = {
			isa = PBXGroup;
			children = (
				C34FDA5127AD5C82007718F8 /* LoggedOutViewModel.swift */,
				C34FDA5227AD5C82007718F8 /* LoggedOutViewController.swift */,
				C34FDA5327AD5C82007718F8 /* View */,
			);
			path = 0_LoggedOut;
			sourceTree = "<group>";
		};
		C34FDA5327AD5C82007718F8 /* View */ = {
			isa = PBXGroup;
			children = (
			);
			path = View;
			sourceTree = "<group>";
		};
		C34FDA5427AD5C82007718F8 /* 0_Model */ = {
			isa = PBXGroup;
			children = (
				C34FDA5527AD5C82007718F8 /* OAuthToken.swift */,
			);
			path = 0_Model;
			sourceTree = "<group>";
		};
		C34FDA5627AD5C82007718F8 /* 6_Extensions */ = {
			isa = PBXGroup;
			children = (
				C34FDA7E27AD5DA1007718F8 /* Asset+ */,
				C34FDA5727AD5C82007718F8 /* View+ */,
			);
			path = 6_Extensions;
			sourceTree = "<group>";
		};
		C34FDA5727AD5C82007718F8 /* View+ */ = {
			isa = PBXGroup;
			children = (
				C34FDA5827AD5C82007718F8 /* UIStackView+Make.swift */,
			);
			path = "View+";
			sourceTree = "<group>";
		};
		C34FDA5B27AD5C83007718F8 /* 1_Service */ = {
			isa = PBXGroup;
			children = (
				C34FDA5C27AD5C83007718F8 /* OAuthService */,
			);
			path = 1_Service;
			sourceTree = "<group>";
		};
		C34FDA5C27AD5C83007718F8 /* OAuthService */ = {
			isa = PBXGroup;
			children = (
				C34FDA5D27AD5C83007718F8 /* KakaoOAuthService.swift */,
				C34FDA5E27AD5C83007718F8 /* KakaoOAuthServicable.swift */,
			);
			path = OAuthService;
			sourceTree = "<group>";
		};
		C34FDA5F27AD5C83007718F8 /* 4_Coordinator */ = {
			isa = PBXGroup;
			children = (
				C34FDA6027AD5C83007718F8 /* 1_AppCoordinator.swift */,
				C34FDA6127AD5C83007718F8 /* 0_BasicCoordinator.swift */,
				C34FDA6227AD5C83007718F8 /* 2__LoggedOutCoordinator.swift */,
			);
			path = 4_Coordinator;
			sourceTree = "<group>";
		};
		C34FDA6327AD5C83007718F8 /* 2_Provider */ = {
			isa = PBXGroup;
			children = (
			);
			path = 2_Provider;
			sourceTree = "<group>";
		};
		C34FDA6427AD5C83007718F8 /* 3_DependencyComponent */ = {
			isa = PBXGroup;
			children = (
				C34FDA6527AD5C83007718F8 /* 0_AppComponent.swift */,
				C34FDA6627AD5C83007718F8 /* 1__LoggedOutComponent.swift */,
			);
			path = 3_DependencyComponent;
			sourceTree = "<group>";
		};
		C34FDA7527AD5C98007718F8 /* Sources */ = {
			isa = PBXGroup;
			children = (
				C34FDA5427AD5C82007718F8 /* 0_Model */,
				C34FDA5B27AD5C83007718F8 /* 1_Service */,
				C34FDA6327AD5C83007718F8 /* 2_Provider */,
				C34FDA6427AD5C83007718F8 /* 3_DependencyComponent */,
				C34FDA5F27AD5C83007718F8 /* 4_Coordinator */,
				C34FDA4D27AD5C82007718F8 /* 5_Scene */,
				C34FDA5627AD5C82007718F8 /* 6_Extensions */,
				C34FDA5A27AD5C82007718F8 /* AppDelegate.swift */,
				C34FDA7C27AD5D60007718F8 /* NeedleGenerated.swift */,
				C34FDA5927AD5C82007718F8 /* SceneDelegate.swift */,
			);
			path = Sources;
			sourceTree = "<group>";
		};
		C34FDA7E27AD5DA1007718F8 /* Asset+ */ = {
			isa = PBXGroup;
			children = (
				C34FDA7F27AD5DB1007718F8 /* Assets+.swift */,
			);
			path = "Asset+";
			sourceTree = "<group>";
		};
		C34FDA8727AD5FCF007718F8 /* Ignore */ = {
			isa = PBXGroup;
			children = (
				C34FDA8827AD5FFB007718F8 /* Keys.swift */,
			);
			path = Ignore;
			sourceTree = "<group>";
		};
		F0AA0C2B455B8989027299B1 /* Pods */ = {
			isa = PBXGroup;
			children = (
				BFB91C4A0FEADEF7E83BF088 /* Pods-RunnerBe-iOS.debug.xcconfig */,
				1860118114B3D5CC6E48BE87 /* Pods-RunnerBe-iOS.release.xcconfig */,
			);
			path = Pods;
			sourceTree = "<group>";
		};
/* End PBXGroup section */

/* Begin PBXNativeTarget section */
		C34FDA1927AD5997007718F8 /* RunnerBe-iOS */ = {
			isa = PBXNativeTarget;
			buildConfigurationList = C34FDA2E27AD5999007718F8 /* Build configuration list for PBXNativeTarget "RunnerBe-iOS" */;
			buildPhases = (
				2C4BF94423BD5EC8525EF383 /* [CP] Check Pods Manifest.lock */,
				C34FDA3A27AD5B48007718F8 /* SwiftFormat */,
				C34FDA3B27AD5B4F007718F8 /* NeedleGenerate */,
				C34FDA3C27AD5B57007718F8 /* SwiftGen */,
				C34FDA1627AD5997007718F8 /* Sources */,
				C34FDA1727AD5997007718F8 /* Frameworks */,
				C34FDA1827AD5997007718F8 /* Resources */,
				1C22ED2A7C823B49562FF524 /* [CP] Embed Pods Frameworks */,
			);
			buildRules = (
			);
			dependencies = (
			);
			name = "RunnerBe-iOS";
			productName = "RunnerBe-iOS";
			productReference = C34FDA1A27AD5997007718F8 /* RunnerBe-iOS.app */;
			productType = "com.apple.product-type.application";
		};
/* End PBXNativeTarget section */

/* Begin PBXProject section */
		C34FDA1227AD5997007718F8 /* Project object */ = {
			isa = PBXProject;
			attributes = {
				BuildIndependentTargetsInParallel = 1;
				LastSwiftUpdateCheck = 1320;
				LastUpgradeCheck = 1320;
				TargetAttributes = {
					C34FDA1927AD5997007718F8 = {
						CreatedOnToolsVersion = 13.2.1;
						LastSwiftMigration = 1320;
					};
				};
			};
			buildConfigurationList = C34FDA1527AD5997007718F8 /* Build configuration list for PBXProject "RunnerBe-iOS" */;
			compatibilityVersion = "Xcode 13.0";
			developmentRegion = en;
			hasScannedForEncodings = 0;
			knownRegions = (
				en,
				Base,
			);
			mainGroup = C34FDA1127AD5997007718F8;
			productRefGroup = C34FDA1B27AD5997007718F8 /* Products */;
			projectDirPath = "";
			projectRoot = "";
			targets = (
				C34FDA1927AD5997007718F8 /* RunnerBe-iOS */,
			);
		};
/* End PBXProject section */

/* Begin PBXResourcesBuildPhase section */
		C34FDA1827AD5997007718F8 /* Resources */ = {
			isa = PBXResourcesBuildPhase;
			buildActionMask = 2147483647;
			files = (
				C34FDA2A27AD5999007718F8 /* LaunchScreen.storyboard in Resources */,
				C34FDA4427AD5BC7007718F8 /* Images.xcassets in Resources */,
				C34FDA4227AD5BC7007718F8 /* Colors.xcassets in Resources */,
				C34FDA4627AD5BC7007718F8 /* Fonts in Resources */,
				C34FDA4327AD5BC7007718F8 /* Localization in Resources */,
				C34FDA4527AD5BC7007718F8 /* Assets.xcassets in Resources */,
			);
			runOnlyForDeploymentPostprocessing = 0;
		};
/* End PBXResourcesBuildPhase section */

/* Begin PBXShellScriptBuildPhase section */
		1C22ED2A7C823B49562FF524 /* [CP] Embed Pods Frameworks */ = {
			isa = PBXShellScriptBuildPhase;
			buildActionMask = 2147483647;
			files = (
			);
			inputFileListPaths = (
				"${PODS_ROOT}/Target Support Files/Pods-RunnerBe-iOS/Pods-RunnerBe-iOS-frameworks-${CONFIGURATION}-input-files.xcfilelist",
			);
			name = "[CP] Embed Pods Frameworks";
			outputFileListPaths = (
				"${PODS_ROOT}/Target Support Files/Pods-RunnerBe-iOS/Pods-RunnerBe-iOS-frameworks-${CONFIGURATION}-output-files.xcfilelist",
			);
			runOnlyForDeploymentPostprocessing = 0;
			shellPath = /bin/sh;
			shellScript = "\"${PODS_ROOT}/Target Support Files/Pods-RunnerBe-iOS/Pods-RunnerBe-iOS-frameworks.sh\"\n";
			showEnvVarsInLog = 0;
		};
		2C4BF94423BD5EC8525EF383 /* [CP] Check Pods Manifest.lock */ = {
			isa = PBXShellScriptBuildPhase;
			buildActionMask = 2147483647;
			files = (
			);
			inputFileListPaths = (
			);
			inputPaths = (
				"${PODS_PODFILE_DIR_PATH}/Podfile.lock",
				"${PODS_ROOT}/Manifest.lock",
			);
			name = "[CP] Check Pods Manifest.lock";
			outputFileListPaths = (
			);
			outputPaths = (
				"$(DERIVED_FILE_DIR)/Pods-RunnerBe-iOS-checkManifestLockResult.txt",
			);
			runOnlyForDeploymentPostprocessing = 0;
			shellPath = /bin/sh;
			shellScript = "diff \"${PODS_PODFILE_DIR_PATH}/Podfile.lock\" \"${PODS_ROOT}/Manifest.lock\" > /dev/null\nif [ $? != 0 ] ; then\n    # print error to STDERR\n    echo \"error: The sandbox is not in sync with the Podfile.lock. Run 'pod install' or update your CocoaPods installation.\" >&2\n    exit 1\nfi\n# This output is used by Xcode 'outputs' to avoid re-running this script phase.\necho \"SUCCESS\" > \"${SCRIPT_OUTPUT_FILE_0}\"\n";
			showEnvVarsInLog = 0;
		};
		C34FDA3A27AD5B48007718F8 /* SwiftFormat */ = {
			isa = PBXShellScriptBuildPhase;
			buildActionMask = 2147483647;
			files = (
			);
			inputFileListPaths = (
			);
			inputPaths = (
			);
			name = SwiftFormat;
			outputFileListPaths = (
			);
			outputPaths = (
			);
			runOnlyForDeploymentPostprocessing = 0;
			shellPath = /bin/sh;
			shellScript = "\"${PODS_ROOT}/SwiftFormat/CommandLineTool/swiftformat\" \"$SRCROOT\"\n";
		};
		C34FDA3B27AD5B4F007718F8 /* NeedleGenerate */ = {
			isa = PBXShellScriptBuildPhase;
			buildActionMask = 2147483647;
			files = (
			);
			inputFileListPaths = (
			);
			inputPaths = (
			);
			name = NeedleGenerate;
			outputFileListPaths = (
			);
			outputPaths = (
			);
			runOnlyForDeploymentPostprocessing = 0;
			shellPath = /bin/sh;
			shellScript = "export SOURCEKIT_LOGGING=0 && needle generate RunnerBe-iOS/Sources/NeedleGenerated.swift RunnerBe-iOS/Sources/ --header-doc copyright_header.txt\n";
		};
		C34FDA3C27AD5B57007718F8 /* SwiftGen */ = {
			isa = PBXShellScriptBuildPhase;
			buildActionMask = 2147483647;
			files = (
			);
			inputFileListPaths = (
			);
			inputPaths = (
			);
			name = SwiftGen;
			outputFileListPaths = (
			);
			outputPaths = (
			);
			runOnlyForDeploymentPostprocessing = 0;
			shellPath = /bin/sh;
			shellScript = "if [[ -f \"${PODS_ROOT}/SwiftGen/bin/swiftgen\" ]]; then\n  \"${PODS_ROOT}/SwiftGen/bin/swiftgen\"\nelse\n  echo \"warning: SwiftGen is not installed. Run 'pod install --repo-update' to install it.\"\nfi\n";
		};
/* End PBXShellScriptBuildPhase section */

/* Begin PBXSourcesBuildPhase section */
		C34FDA1627AD5997007718F8 /* Sources */ = {
			isa = PBXSourcesBuildPhase;
			buildActionMask = 2147483647;
			files = (
				C34FDA6727AD5C83007718F8 /* BaseViewController.swift in Sources */,
				C34FDA7B27AD5D45007718F8 /* Localizable+Generated.swift in Sources */,
				C34FDA6A27AD5C83007718F8 /* OAuthToken.swift in Sources */,
				C34FDA7127AD5C83007718F8 /* 0_BasicCoordinator.swift in Sources */,
				C34FDA7327AD5C83007718F8 /* 0_AppComponent.swift in Sources */,
				C34FDA7A27AD5D45007718F8 /* Fonts+Generated.swift in Sources */,
				C34FDA6B27AD5C83007718F8 /* UIStackView+Make.swift in Sources */,
				C34FDA6E27AD5C83007718F8 /* KakaoOAuthService.swift in Sources */,
				C34FDA6927AD5C83007718F8 /* LoggedOutViewController.swift in Sources */,
				C34FDA6F27AD5C83007718F8 /* KakaoOAuthServicable.swift in Sources */,
				C34FDA7927AD5D45007718F8 /* Assets+Generated.swift in Sources */,
				C34FDA7027AD5C83007718F8 /* 1_AppCoordinator.swift in Sources */,
				C34FDA6D27AD5C83007718F8 /* AppDelegate.swift in Sources */,
				C34FDA7427AD5C83007718F8 /* 1__LoggedOutComponent.swift in Sources */,
				C34FDA8927AD5FFB007718F8 /* Keys.swift in Sources */,
				C34FDA7D27AD5D60007718F8 /* NeedleGenerated.swift in Sources */,
				C34FDA6827AD5C83007718F8 /* LoggedOutViewModel.swift in Sources */,
				C34FDA8027AD5DB1007718F8 /* Assets+.swift in Sources */,
				C34FDA7227AD5C83007718F8 /* 2__LoggedOutCoordinator.swift in Sources */,
				C34FDA6C27AD5C83007718F8 /* SceneDelegate.swift in Sources */,
			);
			runOnlyForDeploymentPostprocessing = 0;
		};
/* End PBXSourcesBuildPhase section */

/* Begin PBXVariantGroup section */
		C34FDA2827AD5999007718F8 /* LaunchScreen.storyboard */ = {
			isa = PBXVariantGroup;
			children = (
				C34FDA2927AD5999007718F8 /* Base */,
			);
			name = LaunchScreen.storyboard;
			sourceTree = "<group>";
		};
/* End PBXVariantGroup section */

/* Begin XCBuildConfiguration section */
		C34FDA2C27AD5999007718F8 /* Debug */ = {
			isa = XCBuildConfiguration;
			buildSettings = {
				ALWAYS_SEARCH_USER_PATHS = NO;
				CLANG_ANALYZER_NONNULL = YES;
				CLANG_ANALYZER_NUMBER_OBJECT_CONVERSION = YES_AGGRESSIVE;
				CLANG_CXX_LANGUAGE_STANDARD = "gnu++17";
				CLANG_CXX_LIBRARY = "libc++";
				CLANG_ENABLE_MODULES = YES;
				CLANG_ENABLE_OBJC_ARC = YES;
				CLANG_ENABLE_OBJC_WEAK = YES;
				CLANG_WARN_BLOCK_CAPTURE_AUTORELEASING = YES;
				CLANG_WARN_BOOL_CONVERSION = YES;
				CLANG_WARN_COMMA = YES;
				CLANG_WARN_CONSTANT_CONVERSION = YES;
				CLANG_WARN_DEPRECATED_OBJC_IMPLEMENTATIONS = YES;
				CLANG_WARN_DIRECT_OBJC_ISA_USAGE = YES_ERROR;
				CLANG_WARN_DOCUMENTATION_COMMENTS = YES;
				CLANG_WARN_EMPTY_BODY = YES;
				CLANG_WARN_ENUM_CONVERSION = YES;
				CLANG_WARN_INFINITE_RECURSION = YES;
				CLANG_WARN_INT_CONVERSION = YES;
				CLANG_WARN_NON_LITERAL_NULL_CONVERSION = YES;
				CLANG_WARN_OBJC_IMPLICIT_RETAIN_SELF = YES;
				CLANG_WARN_OBJC_LITERAL_CONVERSION = YES;
				CLANG_WARN_OBJC_ROOT_CLASS = YES_ERROR;
				CLANG_WARN_QUOTED_INCLUDE_IN_FRAMEWORK_HEADER = YES;
				CLANG_WARN_RANGE_LOOP_ANALYSIS = YES;
				CLANG_WARN_STRICT_PROTOTYPES = YES;
				CLANG_WARN_SUSPICIOUS_MOVE = YES;
				CLANG_WARN_UNGUARDED_AVAILABILITY = YES_AGGRESSIVE;
				CLANG_WARN_UNREACHABLE_CODE = YES;
				CLANG_WARN__DUPLICATE_METHOD_MATCH = YES;
				COPY_PHASE_STRIP = NO;
				DEBUG_INFORMATION_FORMAT = dwarf;
				ENABLE_STRICT_OBJC_MSGSEND = YES;
				ENABLE_TESTABILITY = YES;
				GCC_C_LANGUAGE_STANDARD = gnu11;
				GCC_DYNAMIC_NO_PIC = NO;
				GCC_NO_COMMON_BLOCKS = YES;
				GCC_OPTIMIZATION_LEVEL = 0;
				GCC_PREPROCESSOR_DEFINITIONS = (
					"DEBUG=1",
					"$(inherited)",
				);
				GCC_WARN_64_TO_32_BIT_CONVERSION = YES;
				GCC_WARN_ABOUT_RETURN_TYPE = YES_ERROR;
				GCC_WARN_UNDECLARED_SELECTOR = YES;
				GCC_WARN_UNINITIALIZED_AUTOS = YES_AGGRESSIVE;
				GCC_WARN_UNUSED_FUNCTION = YES;
				GCC_WARN_UNUSED_VARIABLE = YES;
				IPHONEOS_DEPLOYMENT_TARGET = 15.2;
				MTL_ENABLE_DEBUG_INFO = INCLUDE_SOURCE;
				MTL_FAST_MATH = YES;
				ONLY_ACTIVE_ARCH = YES;
				SDKROOT = iphoneos;
				SWIFT_ACTIVE_COMPILATION_CONDITIONS = DEBUG;
				SWIFT_OPTIMIZATION_LEVEL = "-Onone";
			};
			name = Debug;
		};
		C34FDA2D27AD5999007718F8 /* Release */ = {
			isa = XCBuildConfiguration;
			buildSettings = {
				ALWAYS_SEARCH_USER_PATHS = NO;
				CLANG_ANALYZER_NONNULL = YES;
				CLANG_ANALYZER_NUMBER_OBJECT_CONVERSION = YES_AGGRESSIVE;
				CLANG_CXX_LANGUAGE_STANDARD = "gnu++17";
				CLANG_CXX_LIBRARY = "libc++";
				CLANG_ENABLE_MODULES = YES;
				CLANG_ENABLE_OBJC_ARC = YES;
				CLANG_ENABLE_OBJC_WEAK = YES;
				CLANG_WARN_BLOCK_CAPTURE_AUTORELEASING = YES;
				CLANG_WARN_BOOL_CONVERSION = YES;
				CLANG_WARN_COMMA = YES;
				CLANG_WARN_CONSTANT_CONVERSION = YES;
				CLANG_WARN_DEPRECATED_OBJC_IMPLEMENTATIONS = YES;
				CLANG_WARN_DIRECT_OBJC_ISA_USAGE = YES_ERROR;
				CLANG_WARN_DOCUMENTATION_COMMENTS = YES;
				CLANG_WARN_EMPTY_BODY = YES;
				CLANG_WARN_ENUM_CONVERSION = YES;
				CLANG_WARN_INFINITE_RECURSION = YES;
				CLANG_WARN_INT_CONVERSION = YES;
				CLANG_WARN_NON_LITERAL_NULL_CONVERSION = YES;
				CLANG_WARN_OBJC_IMPLICIT_RETAIN_SELF = YES;
				CLANG_WARN_OBJC_LITERAL_CONVERSION = YES;
				CLANG_WARN_OBJC_ROOT_CLASS = YES_ERROR;
				CLANG_WARN_QUOTED_INCLUDE_IN_FRAMEWORK_HEADER = YES;
				CLANG_WARN_RANGE_LOOP_ANALYSIS = YES;
				CLANG_WARN_STRICT_PROTOTYPES = YES;
				CLANG_WARN_SUSPICIOUS_MOVE = YES;
				CLANG_WARN_UNGUARDED_AVAILABILITY = YES_AGGRESSIVE;
				CLANG_WARN_UNREACHABLE_CODE = YES;
				CLANG_WARN__DUPLICATE_METHOD_MATCH = YES;
				COPY_PHASE_STRIP = NO;
				DEBUG_INFORMATION_FORMAT = "dwarf-with-dsym";
				ENABLE_NS_ASSERTIONS = NO;
				ENABLE_STRICT_OBJC_MSGSEND = YES;
				GCC_C_LANGUAGE_STANDARD = gnu11;
				GCC_NO_COMMON_BLOCKS = YES;
				GCC_WARN_64_TO_32_BIT_CONVERSION = YES;
				GCC_WARN_ABOUT_RETURN_TYPE = YES_ERROR;
				GCC_WARN_UNDECLARED_SELECTOR = YES;
				GCC_WARN_UNINITIALIZED_AUTOS = YES_AGGRESSIVE;
				GCC_WARN_UNUSED_FUNCTION = YES;
				GCC_WARN_UNUSED_VARIABLE = YES;
				IPHONEOS_DEPLOYMENT_TARGET = 15.2;
				MTL_ENABLE_DEBUG_INFO = NO;
				MTL_FAST_MATH = YES;
				SDKROOT = iphoneos;
				SWIFT_COMPILATION_MODE = wholemodule;
				SWIFT_OPTIMIZATION_LEVEL = "-O";
				VALIDATE_PRODUCT = YES;
			};
			name = Release;
		};
		C34FDA2F27AD5999007718F8 /* Debug */ = {
			isa = XCBuildConfiguration;
			baseConfigurationReference = BFB91C4A0FEADEF7E83BF088 /* Pods-RunnerBe-iOS.debug.xcconfig */;
			buildSettings = {
				ASSETCATALOG_COMPILER_APPICON_NAME = AppIcon;
				ASSETCATALOG_COMPILER_GLOBAL_ACCENT_COLOR_NAME = AccentColor;
				CLANG_ENABLE_MODULES = YES;
				CODE_SIGN_STYLE = Automatic;
				CURRENT_PROJECT_VERSION = 1;
				DEVELOPMENT_TEAM = 88WL9553L8;
				GENERATE_INFOPLIST_FILE = YES;
				INFOPLIST_FILE = "RunnerBe-iOS/Info.plist";
				INFOPLIST_KEY_UIApplicationSupportsIndirectInputEvents = YES;
				INFOPLIST_KEY_UILaunchStoryboardName = LaunchScreen;
				INFOPLIST_KEY_UISupportedInterfaceOrientations_iPad = "UIInterfaceOrientationPortrait UIInterfaceOrientationPortraitUpsideDown UIInterfaceOrientationLandscapeLeft UIInterfaceOrientationLandscapeRight";
				INFOPLIST_KEY_UISupportedInterfaceOrientations_iPhone = "UIInterfaceOrientationPortrait UIInterfaceOrientationLandscapeLeft UIInterfaceOrientationLandscapeRight";
				IPHONEOS_DEPLOYMENT_TARGET = 13.0;
				LD_RUNPATH_SEARCH_PATHS = (
					"$(inherited)",
					"@executable_path/Frameworks",
				);
				MARKETING_VERSION = 1.0;
				PRODUCT_BUNDLE_IDENTIFIER = "com.shivvv.RunnerBe-iOS";
				PRODUCT_NAME = "$(TARGET_NAME)";
				SWIFT_EMIT_LOC_STRINGS = YES;
				SWIFT_OPTIMIZATION_LEVEL = "-Onone";
				SWIFT_VERSION = 5.0;
				TARGETED_DEVICE_FAMILY = 1;
			};
			name = Debug;
		};
		C34FDA3027AD5999007718F8 /* Release */ = {
			isa = XCBuildConfiguration;
			baseConfigurationReference = 1860118114B3D5CC6E48BE87 /* Pods-RunnerBe-iOS.release.xcconfig */;
			buildSettings = {
				ASSETCATALOG_COMPILER_APPICON_NAME = AppIcon;
				ASSETCATALOG_COMPILER_GLOBAL_ACCENT_COLOR_NAME = AccentColor;
				CLANG_ENABLE_MODULES = YES;
				CODE_SIGN_STYLE = Automatic;
				CURRENT_PROJECT_VERSION = 1;
				DEVELOPMENT_TEAM = 88WL9553L8;
				GENERATE_INFOPLIST_FILE = YES;
				INFOPLIST_FILE = "RunnerBe-iOS/Info.plist";
				INFOPLIST_KEY_UIApplicationSupportsIndirectInputEvents = YES;
				INFOPLIST_KEY_UILaunchStoryboardName = LaunchScreen;
				INFOPLIST_KEY_UISupportedInterfaceOrientations_iPad = "UIInterfaceOrientationPortrait UIInterfaceOrientationPortraitUpsideDown UIInterfaceOrientationLandscapeLeft UIInterfaceOrientationLandscapeRight";
				INFOPLIST_KEY_UISupportedInterfaceOrientations_iPhone = "UIInterfaceOrientationPortrait UIInterfaceOrientationLandscapeLeft UIInterfaceOrientationLandscapeRight";
				IPHONEOS_DEPLOYMENT_TARGET = 13.0;
				LD_RUNPATH_SEARCH_PATHS = (
					"$(inherited)",
					"@executable_path/Frameworks",
				);
				MARKETING_VERSION = 1.0;
				PRODUCT_BUNDLE_IDENTIFIER = "com.shivvv.RunnerBe-iOS";
				PRODUCT_NAME = "$(TARGET_NAME)";
				SWIFT_EMIT_LOC_STRINGS = YES;
				SWIFT_VERSION = 5.0;
				TARGETED_DEVICE_FAMILY = 1;
			};
			name = Release;
		};
/* End XCBuildConfiguration section */

/* Begin XCConfigurationList section */
		C34FDA1527AD5997007718F8 /* Build configuration list for PBXProject "RunnerBe-iOS" */ = {
			isa = XCConfigurationList;
			buildConfigurations = (
				C34FDA2C27AD5999007718F8 /* Debug */,
				C34FDA2D27AD5999007718F8 /* Release */,
			);
			defaultConfigurationIsVisible = 0;
			defaultConfigurationName = Release;
		};
		C34FDA2E27AD5999007718F8 /* Build configuration list for PBXNativeTarget "RunnerBe-iOS" */ = {
			isa = XCConfigurationList;
			buildConfigurations = (
				C34FDA2F27AD5999007718F8 /* Debug */,
				C34FDA3027AD5999007718F8 /* Release */,
			);
			defaultConfigurationIsVisible = 0;
			defaultConfigurationName = Release;
		};
/* End XCConfigurationList section */
	};
	rootObject = C34FDA1227AD5997007718F8 /* Project object */;
}
